{
  "lockfile_version": "1",
  "packages": {
    "github:NixOS/nixpkgs/nixpkgs-unstable": {
      "last_modified": "2025-05-20T08:00:33Z",
      "resolved": "github:NixOS/nixpkgs/2f9173bde1d3fbf1ad26ff6d52f952f9e9da52ea?lastModified=1747728033&narHash=sha256-NnXFQu7g4LnvPIPfJmBuZF7LFy%2Ffey2g2%2BLCzjQhTUk%3D"
    },
    "kitty@0.45.0": {
      "last_modified": "2025-12-29T16:45:58Z",
      "resolved": "github:NixOS/nixpkgs/346dd96ad74dc4457a9db9de4f4f57dab2e5731d#kitty",
      "source": "devbox-search",
      "version": "0.45.0",
      "systems": {
        "aarch64-darwin": {
          "outputs": [
            {
              "name": "out",
              "path": "/nix/store/1zykzw5mysiimjbma15c3l2r0cf07bml-kitty-0.45.0",
              "default": true
            },
            {
              "name": "kitten",
              "path": "/nix/store/fasjxbljxg76p9b80aw08ipl7dv5srar-kitty-0.45.0-kitten"
            },
            {
              "name": "shell_integration",
              "path": "/nix/store/j9gsmh2xig3xn5z6pcrz822y7dk4kazm-kitty-0.45.0-shell_integration"
            },
            {
              "name": "terminfo",
              "path": "/nix/store/qrnkyg7y7ibjcrx64k3lvvjklj49fa49-kitty-0.45.0-terminfo"
            }
          ],
          "store_path": "/nix/store/1zykzw5mysiimjbma15c3l2r0cf07bml-kitty-0.45.0"
        },
        "aarch64-linux": {
          "outputs": [
            {
              "name": "out",
              "path": "/nix/store/l28x3ydaslzgv4sssj6cx598aknn57a1-kitty-0.45.0",
              "default": true
            },
            {
              "name": "terminfo",
              "path": "/nix/store/6l8vi2xg4w9lz245xsymysf0dkkvixzi-kitty-0.45.0-terminfo"
            },
            {
              "name": "kitten",
              "path": "/nix/store/2dy83ml9z7gp61gdxkc7xw3xjafw6hil-kitty-0.45.0-kitten"
            },
            {
              "name": "shell_integration",
              "path": "/nix/store/24ck1f45z6wk43jswyx00mzgqb13g3zz-kitty-0.45.0-shell_integration"
            }
          ],
          "store_path": "/nix/store/l28x3ydaslzgv4sssj6cx598aknn57a1-kitty-0.45.0"
        },
        "x86_64-darwin": {
          "outputs": [
            {
              "name": "out",
              "path": "/nix/store/8050ax8qiprs66zs6ahf5v60p8mlshl1-kitty-0.45.0",
              "default": true
            },
            {
              "name": "kitten",
              "path": "/nix/store/k17j7f8p5i5pm33cyyyp9ydgsnx28c60-kitty-0.45.0-kitten"
            },
            {
              "name": "shell_integration",
              "path": "/nix/store/qysc5s8c7ii62a9854hgcm7ig8wanvp6-kitty-0.45.0-shell_integration"
            },
            {
              "name": "terminfo",
              "path": "/nix/store/azfjadc0lznw16afqrv2hjbmi1cixnkb-kitty-0.45.0-terminfo"
            }
          ],
          "store_path": "/nix/store/8050ax8qiprs66zs6ahf5v60p8mlshl1-kitty-0.45.0"
        },
        "x86_64-linux": {
          "outputs": [
            {
              "name": "out",
              "path": "/nix/store/p2li9j24xi3w8bc57na8872kc4w35b48-kitty-0.45.0",
              "default": true
            },
            {
              "name": "kitten",
              "path": "/nix/store/5f48zslv4cgwad1sap01iwyyy6c25iyk-kitty-0.45.0-kitten"
            },
            {
              "name": "shell_integration",
              "path": "/nix/store/q5qk9iidlr14dphfdxx31z48d0206jw3-kitty-0.45.0-shell_integration"
            },
            {
              "name": "terminfo",
              "path": "/nix/store/gm51c7svxnxb13brm5ivpzy57ivx8jxp-kitty-0.45.0-terminfo"
            }
          ],
          "store_path": "/nix/store/p2li9j24xi3w8bc57na8872kc4w35b48-kitty-0.45.0"
        }
      }
    },
    "lolcat@100.0.1": {
      "last_modified": "2025-05-16T20:19:48Z",
      "resolved": "github:NixOS/nixpkgs/12a55407652e04dcf2309436eb06fef0d3713ef3#lolcat",
      "source": "devbox-search",
      "version": "100.0.1",
      "systems": {
        "aarch64-darwin": {
          "outputs": [
            {
              "name": "out",
              "path": "/nix/store/n2wvlyl31rkn88802pzyn340d0flwrxd-lolcat-100.0.1",
              "default": true
            }
          ],
          "store_path": "/nix/store/n2wvlyl31rkn88802pzyn340d0flwrxd-lolcat-100.0.1"
        },
        "aarch64-linux": {
          "outputs": [
            {
              "name": "out",
              "path": "/nix/store/3l08qyakf3jyci5svifjjs99w1dfgix5-lolcat-100.0.1",
              "default": true
            }
          ],
          "store_path": "/nix/store/3l08qyakf3jyci5svifjjs99w1dfgix5-lolcat-100.0.1"
        },
        "x86_64-darwin": {
          "outputs": [
            {
              "name": "out",
              "path": "/nix/store/bwirmxslgk50b346xqdi9ik9bwc4vb5s-lolcat-100.0.1",
              "default": true
            }
          ],
          "store_path": "/nix/store/bwirmxslgk50b346xqdi9ik9bwc4vb5s-lolcat-100.0.1"
        },
        "x86_64-linux": {
          "outputs": [
            {
              "name": "out",
              "path": "/nix/store/ghn0wgfmrxj4djjbxkz7mp9808djrvg5-lolcat-100.0.1",
              "default": true
            }
          ],
          "store_path": "/nix/store/ghn0wgfmrxj4djjbxkz7mp9808djrvg5-lolcat-100.0.1"
        }
      }
    },
    "presenterm@0.15.1": {
      "last_modified": "2025-08-04T03:33:26Z",
      "resolved": "github:NixOS/nixpkgs/6a489c9482ca676ce23c0bcd7f2e1795383325fa#presenterm",
      "source": "devbox-search",
      "version": "0.15.1",
      "systems": {
        "aarch64-darwin": {
          "outputs": [
            {
              "name": "out",
              "path": "/nix/store/sx3mzfwgwwqbbkk44s1bn7i4kih6g6sq-presenterm-0.15.1",
              "default": true
            }
          ],
          "store_path": "/nix/store/sx3mzfwgwwqbbkk44s1bn7i4kih6g6sq-presenterm-0.15.1"
        },
        "aarch64-linux": {
          "outputs": [
            {
              "name": "out",
              "path": "/nix/store/k5wdahjzh2gqkv1v44qxfjmmam3jhfw3-presenterm-0.15.1",
              "default": true
            }
          ],
          "store_path": "/nix/store/k5wdahjzh2gqkv1v44qxfjmmam3jhfw3-presenterm-0.15.1"
        },
        "x86_64-darwin": {
          "outputs": [
            {
              "name": "out",
              "path": "/nix/store/fbs353wisnncdr81fwihlaca90is93q9-presenterm-0.15.1",
              "default": true
            }
          ],
          "store_path": "/nix/store/fbs353wisnncdr81fwihlaca90is93q9-presenterm-0.15.1"
        },
        "x86_64-linux": {
          "outputs": [
            {
              "name": "out",
              "path": "/nix/store/ijx7jhvykb9i4rz55fcyhvsfsakpw054-presenterm-0.15.1",
              "default": true
            }
          ],
          "store_path": "/nix/store/ijx7jhvykb9i4rz55fcyhvsfsakpw054-presenterm-0.15.1"
        }
      }
    },
    "python312Packages.presenterm-export@0.2.7": {
      "last_modified": "2025-06-01T15:36:18Z",
      "resolved": "github:NixOS/nixpkgs/5929de975bcf4c7c8d8b5ca65c8cd9ef9e44523e#python312Packages.presenterm-export",
      "source": "devbox-search",
      "version": "0.2.7",
      "systems": {
        "aarch64-darwin": {
          "outputs": [
            {
              "name": "out",
              "path": "/nix/store/44c5ajdgdarhg211xb0wvbzbfggzp3md-python3.12-presenterm-export-0.2.7",
              "default": true
            },
            {
              "name": "dist",
              "path": "/nix/store/wnz0644d5ix3g2l1l1rglj7j9q13a542-python3.12-presenterm-export-0.2.7-dist"
            }
          ],
          "store_path": "/nix/store/44c5ajdgdarhg211xb0wvbzbfggzp3md-python3.12-presenterm-export-0.2.7"
        },
        "aarch64-linux": {
          "outputs": [
            {
              "name": "out",
              "path": "/nix/store/vd9dx3cqk9c15fsrhxkbwcjkzgn8q8sp-python3.12-presenterm-export-0.2.7",
              "default": true
            },
            {
              "name": "dist",
              "path": "/nix/store/nif6l4j4qp0yglpzmqhnxlvam9zbshil-python3.12-presenterm-export-0.2.7-dist"
            }
          ],
          "store_path": "/nix/store/vd9dx3cqk9c15fsrhxkbwcjkzgn8q8sp-python3.12-presenterm-export-0.2.7"
        },
        "x86_64-darwin": {
          "outputs": [
            {
              "name": "out",
              "path": "/nix/store/gwz9a9mc7fqzk2vi096mmmyqj6dhvb1z-python3.12-presenterm-export-0.2.7",
              "default": true
            },
            {
              "name": "dist",
              "path": "/nix/store/cggw8rgci05k8ba7lqjsssxkcq0s5f48-python3.12-presenterm-export-0.2.7-dist"
            }
          ],
          "store_path": "/nix/store/gwz9a9mc7fqzk2vi096mmmyqj6dhvb1z-python3.12-presenterm-export-0.2.7"
        },
        "x86_64-linux": {
          "outputs": [
            {
              "name": "out",
              "path": "/nix/store/vhccv0n0w47qwyv099zc5rd0wkfa55bz-python3.12-presenterm-export-0.2.7",
              "default": true
            },
            {
              "name": "dist",
              "path": "/nix/store/2856s2lp95i0mfa3hvrqdsv8ilfaz4b5-python3.12-presenterm-export-0.2.7-dist"
            }
          ],
          "store_path": "/nix/store/vhccv0n0w47qwyv099zc5rd0wkfa55bz-python3.12-presenterm-export-0.2.7"
        }
      }
    },
    "qrencode@4.1.1": {
      "last_modified": "2025-06-10T02:39:58Z",
      "resolved": "github:NixOS/nixpkgs/cdc68935eba9f86d155585fdf6f17af6824f38ac#qrencode",
      "source": "devbox-search",
      "version": "4.1.1",
      "systems": {
        "aarch64-darwin": {
          "outputs": [
            {
              "name": "bin",
              "path": "/nix/store/mqzdmcj4mgf0rjaf3gqd24p44149nx3w-qrencode-4.1.1-bin",
              "default": true
            },
            {
              "name": "man",
              "path": "/nix/store/pgag2nmr043hx99sfha6xqrmli1c835l-qrencode-4.1.1-man",
              "default": true
            },
            {
              "name": "dev",
              "path": "/nix/store/clvaz28ic14hps0a1bicybqvkci4ilqy-qrencode-4.1.1-dev"
            },
            {
              "name": "out",
              "path": "/nix/store/i08vhr73ap0xs11fa22n1vslh64sh3iz-qrencode-4.1.1"
            }
          ],
          "store_path": "/nix/store/mqzdmcj4mgf0rjaf3gqd24p44149nx3w-qrencode-4.1.1-bin"
        },
        "aarch64-linux": {
          "outputs": [
            {
              "name": "bin",
              "path": "/nix/store/p7y0xavdyqqv29swidnr2ag39rmr6gdr-qrencode-4.1.1-bin",
              "default": true
            },
            {
              "name": "man",
              "path": "/nix/store/1b2clqk1s9jpqw5xp0cdf11k9asn304k-qrencode-4.1.1-man",
              "default": true
            },
            {
              "name": "out",
              "path": "/nix/store/8a8l593a1x3vbfdwbcz81wfysrih4m94-qrencode-4.1.1"
            },
            {
              "name": "dev",
              "path": "/nix/store/rq57dz8xhc479rgs88cncw5k0cpd1h0h-qrencode-4.1.1-dev"
            }
          ],
          "store_path": "/nix/store/p7y0xavdyqqv29swidnr2ag39rmr6gdr-qrencode-4.1.1-bin"
        },
        "x86_64-darwin": {
          "outputs": [
            {
              "name": "bin",
              "path": "/nix/store/7g5wn9gysh34z632q6d9395h3msarngw-qrencode-4.1.1-bin",
              "default": true
            },
            {
              "name": "man",
              "path": "/nix/store/jb81k3pxi07p1v5qg21bnz20jpqqwx3g-qrencode-4.1.1-man",
              "default": true
            },
            {
              "name": "dev",
              "path": "/nix/store/95cm9w2h512ilgrd7fagpas7slria857-qrencode-4.1.1-dev"
            },
            {
              "name": "out",
              "path": "/nix/store/8iqydpf6bw9d1k7m074ljnxvfk729j90-qrencode-4.1.1"
            }
          ],
          "store_path": "/nix/store/7g5wn9gysh34z632q6d9395h3msarngw-qrencode-4.1.1-bin"
        },
        "x86_64-linux": {
          "outputs": [
            {
              "name": "bin",
              "path": "/nix/store/9qx6w7fqxbdg1pmz5i5c0sc2k40rrmwv-qrencode-4.1.1-bin",
              "default": true
            },
            {
              "name": "man",
              "path": "/nix/store/h5shvkji1yb5rfc8alkrxl3achnlw3yy-qrencode-4.1.1-man",
              "default": true
            },
            {
              "name": "dev",
              "path": "/nix/store/r9zby9lmzacfyxgnfml6ykqh1vzs8hq0-qrencode-4.1.1-dev"
            },
            {
              "name": "out",
              "path": "/nix/store/1l2x502h3j9bkp2ln3axm9qp70ibg7a1-qrencode-4.1.1"
            }
          ],
          "store_path": "/nix/store/9qx6w7fqxbdg1pmz5i5c0sc2k40rrmwv-qrencode-4.1.1-bin"
        }
      }
    },
    "vault-bin@1.21.2": {
      "last_modified": "2026-02-02T23:09:17Z",
      "resolved": "github:NixOS/nixpkgs/47472570b1e607482890801aeaf29bfb749884f6#vault-bin",
      "source": "devbox-search",
      "version": "1.21.2",
      "systems": {
        "aarch64-darwin": {
          "outputs": [
            {
              "name": "out",
              "path": "/nix/store/jj7jlhm9ss0r2qxhs4p4ckyab3h1yx3b-vault-bin-1.21.2",
              "default": true
            }
          ],
          "store_path": "/nix/store/jj7jlhm9ss0r2qxhs4p4ckyab3h1yx3b-vault-bin-1.21.2"
        },
        "aarch64-linux": {
          "outputs": [
            {
              "name": "out",
              "path": "/nix/store/86ki6yzxxh4plgg48s90v48k5yhyzjhy-vault-bin-1.21.2",
              "default": true
            }
          ],
          "store_path": "/nix/store/86ki6yzxxh4plgg48s90v48k5yhyzjhy-vault-bin-1.21.2"
        },
        "x86_64-darwin": {
          "outputs": [
            {
              "name": "out",
              "path": "/nix/store/ja4myzh3rkybn235sp04il3z0jpaxvgg-vault-bin-1.21.2",
              "default": true
            }
          ],
          "store_path": "/nix/store/ja4myzh3rkybn235sp04il3z0jpaxvgg-vault-bin-1.21.2"
        },
        "x86_64-linux": {
          "outputs": [
            {
              "name": "out",
              "path": "/nix/store/0r559s4pld2qjmmr43b66j4m5qkisrn7-vault-bin-1.21.2",
              "default": true
            }
          ],
          "store_path": "/nix/store/0r559s4pld2qjmmr43b66j4m5qkisrn7-vault-bin-1.21.2"
        }
      }
    }
  }
}
