{
  "lockfile_version": "1",
  "packages": {
    "github:NixOS/nixpkgs/nixpkgs-unstable": {
      "last_modified": "2026-03-11T12:14:37Z",
      "resolved": "github:NixOS/nixpkgs/75690239f08f885ca9b0267580101f60d10fbe62?lastModified=1773231277&narHash=sha256-Xy3WEpUAbpsz8ydgvVAQAGGB%2FWB%2B8cNA5cshiL0McTI%3D"
    },
    "kitty@0.46.2": {
      "last_modified": "2026-03-30T07:26:21Z",
      "resolved": "github:NixOS/nixpkgs/15c6719d8c604779cf59e03c245ea61d3d7ab69b#kitty",
      "source": "devbox-search",
      "version": "0.46.2",
      "systems": {
        "aarch64-darwin": {
          "outputs": [
            {
              "name": "out",
              "path": "/nix/store/6fk4afzpyhsxdhysf178dlh73j3904pd-kitty-0.46.2",
              "default": true
            },
            {
              "name": "terminfo",
              "path": "/nix/store/mdrxlkwkhdsvh2wxnyhmkjwlbj6xv2x1-kitty-0.46.2-terminfo"
            },
            {
              "name": "kitten",
              "path": "/nix/store/all9f7rsmys5ncb7l7rfbirh11fhwnlp-kitty-0.46.2-kitten"
            },
            {
              "name": "shell_integration",
              "path": "/nix/store/i3p7jkgrdwjy03phgklb0zw9wdf6a74v-kitty-0.46.2-shell_integration"
            }
          ],
          "store_path": "/nix/store/6fk4afzpyhsxdhysf178dlh73j3904pd-kitty-0.46.2"
        },
        "aarch64-linux": {
          "outputs": [
            {
              "name": "out",
              "path": "/nix/store/jv02h664irkxmyapy3y8244vpy1kig37-kitty-0.46.2",
              "default": true
            },
            {
              "name": "kitten",
              "path": "/nix/store/j5myphff98snq2a4baz1a6ghn7mvhnam-kitty-0.46.2-kitten"
            },
            {
              "name": "shell_integration",
              "path": "/nix/store/kz3r7bvap5iqdkgqsd6yl2fx5ldwla1l-kitty-0.46.2-shell_integration"
            },
            {
              "name": "terminfo",
              "path": "/nix/store/zi85kah2p753fxl24ayg5dalvqsk480f-kitty-0.46.2-terminfo"
            }
          ],
          "store_path": "/nix/store/jv02h664irkxmyapy3y8244vpy1kig37-kitty-0.46.2"
        },
        "x86_64-darwin": {
          "outputs": [
            {
              "name": "out",
              "path": "/nix/store/pdg2fbww2r7xn9s6hlyhdj2d207q3z7b-kitty-0.46.2",
              "default": true
            },
            {
              "name": "kitten",
              "path": "/nix/store/n7zyf0l3igyza76nr1vw92c87dp4n9c6-kitty-0.46.2-kitten"
            },
            {
              "name": "shell_integration",
              "path": "/nix/store/pkwiv05b40i0giyf0icwrrvim4rz0clz-kitty-0.46.2-shell_integration"
            },
            {
              "name": "terminfo",
              "path": "/nix/store/lkvjs5brmrbab9l5sad5ihcgcj3vzp8f-kitty-0.46.2-terminfo"
            }
          ],
          "store_path": "/nix/store/pdg2fbww2r7xn9s6hlyhdj2d207q3z7b-kitty-0.46.2"
        },
        "x86_64-linux": {
          "outputs": [
            {
              "name": "out",
              "path": "/nix/store/9cn3f04gz0dj212sacvnmmis4bk9yfav-kitty-0.46.2",
              "default": true
            },
            {
              "name": "kitten",
              "path": "/nix/store/5nvikdkr6w9lskkwbd5vx3awmr0iin55-kitty-0.46.2-kitten"
            },
            {
              "name": "shell_integration",
              "path": "/nix/store/xfy8w77r5ib09pyqcppl06ggmx4v5c4y-kitty-0.46.2-shell_integration"
            },
            {
              "name": "terminfo",
              "path": "/nix/store/zx2hs50wmrnd135121ixr9ah7vr898g3-kitty-0.46.2-terminfo"
            }
          ],
          "store_path": "/nix/store/9cn3f04gz0dj212sacvnmmis4bk9yfav-kitty-0.46.2"
        }
      }
    },
    "lolcat@100.0.1": {
      "last_modified": "2026-03-02T11:03:52Z",
      "resolved": "github:NixOS/nixpkgs/dc7513872406b53d2ff417a003895d6daffdff2f#lolcat",
      "source": "devbox-search",
      "version": "100.0.1",
      "systems": {
        "aarch64-darwin": {
          "outputs": [
            {
              "name": "out",
              "path": "/nix/store/77wamskpv10r2ig2y5lzaybzgnrlb28x-lolcat-100.0.1",
              "default": true
            }
          ],
          "store_path": "/nix/store/77wamskpv10r2ig2y5lzaybzgnrlb28x-lolcat-100.0.1"
        },
        "aarch64-linux": {
          "outputs": [
            {
              "name": "out",
              "path": "/nix/store/v3gjcgfm6snl1x2ivqshnvz44677cxq0-lolcat-100.0.1",
              "default": true
            }
          ],
          "store_path": "/nix/store/v3gjcgfm6snl1x2ivqshnvz44677cxq0-lolcat-100.0.1"
        },
        "x86_64-darwin": {
          "outputs": [
            {
              "name": "out",
              "path": "/nix/store/g7cy3xpkzdn67chxw6bgbja7105ys2gc-lolcat-100.0.1",
              "default": true
            }
          ],
          "store_path": "/nix/store/g7cy3xpkzdn67chxw6bgbja7105ys2gc-lolcat-100.0.1"
        },
        "x86_64-linux": {
          "outputs": [
            {
              "name": "out",
              "path": "/nix/store/bk29nfmnilq1snyimqx15z9j4ay5991h-lolcat-100.0.1",
              "default": true
            }
          ],
          "store_path": "/nix/store/bk29nfmnilq1snyimqx15z9j4ay5991h-lolcat-100.0.1"
        }
      }
    },
    "presenterm@0.16.1": {
      "last_modified": "2026-02-23T15:40:43Z",
      "resolved": "github:NixOS/nixpkgs/80d901ec0377e19ac3f7bb8c035201e2e098cc97#presenterm",
      "source": "devbox-search",
      "version": "0.16.1",
      "systems": {
        "aarch64-darwin": {
          "outputs": [
            {
              "name": "out",
              "path": "/nix/store/c27fw668g6jlvsdbidr1pl409clyavap-presenterm-0.16.1",
              "default": true
            }
          ],
          "store_path": "/nix/store/c27fw668g6jlvsdbidr1pl409clyavap-presenterm-0.16.1"
        },
        "aarch64-linux": {
          "outputs": [
            {
              "name": "out",
              "path": "/nix/store/m3jx6sni6r06hb62dfrym4hg4g8bffrq-presenterm-0.16.1",
              "default": true
            }
          ],
          "store_path": "/nix/store/m3jx6sni6r06hb62dfrym4hg4g8bffrq-presenterm-0.16.1"
        },
        "x86_64-darwin": {
          "outputs": [
            {
              "name": "out",
              "path": "/nix/store/gvva958xj5h8h4yjgr6wd6r8y59fwpky-presenterm-0.16.1",
              "default": true
            }
          ],
          "store_path": "/nix/store/gvva958xj5h8h4yjgr6wd6r8y59fwpky-presenterm-0.16.1"
        },
        "x86_64-linux": {
          "outputs": [
            {
              "name": "out",
              "path": "/nix/store/006fq685wc2zmxnz1v0qfg8ixlzn65mz-presenterm-0.16.1",
              "default": true
            }
          ],
          "store_path": "/nix/store/006fq685wc2zmxnz1v0qfg8ixlzn65mz-presenterm-0.16.1"
        }
      }
    },
    "python312Packages.presenterm-export@0.2.7": {
      "last_modified": "2025-12-26T02:09:19Z",
      "resolved": "github:NixOS/nixpkgs/8970f698c39f490df47e4cbb7beae7869ddf1978#python312Packages.presenterm-export",
      "source": "devbox-search",
      "version": "0.2.7",
      "systems": {
        "aarch64-darwin": {
          "outputs": [
            {
              "name": "out",
              "path": "/nix/store/32xchz8acabkzkj76aqc94cdif4jspqs-python3.12-presenterm-export-0.2.7",
              "default": true
            },
            {
              "name": "dist",
              "path": "/nix/store/ldzc09bknyhiq72cbwdw94fms39k6mfh-python3.12-presenterm-export-0.2.7-dist"
            }
          ],
          "store_path": "/nix/store/32xchz8acabkzkj76aqc94cdif4jspqs-python3.12-presenterm-export-0.2.7"
        },
        "aarch64-linux": {
          "outputs": [
            {
              "name": "out",
              "path": "/nix/store/99y8011qfan2d3wpl9ymcszs8rnxjg3k-python3.12-presenterm-export-0.2.7",
              "default": true
            },
            {
              "name": "dist",
              "path": "/nix/store/0wc2vjc5dix76gdw7wns75wky9lhyxxn-python3.12-presenterm-export-0.2.7-dist"
            }
          ],
          "store_path": "/nix/store/99y8011qfan2d3wpl9ymcszs8rnxjg3k-python3.12-presenterm-export-0.2.7"
        },
        "x86_64-darwin": {
          "outputs": [
            {
              "name": "out",
              "path": "/nix/store/0vx44ir44iv4vsvhja35v8w883mslpr2-python3.12-presenterm-export-0.2.7",
              "default": true
            },
            {
              "name": "dist",
              "path": "/nix/store/vfrkaxa51za4nqhps4nfbhfs6fy414f8-python3.12-presenterm-export-0.2.7-dist"
            }
          ],
          "store_path": "/nix/store/0vx44ir44iv4vsvhja35v8w883mslpr2-python3.12-presenterm-export-0.2.7"
        },
        "x86_64-linux": {
          "outputs": [
            {
              "name": "out",
              "path": "/nix/store/c6inci641jz8kwhmmrg0w8h9hqj67r1h-python3.12-presenterm-export-0.2.7",
              "default": true
            },
            {
              "name": "dist",
              "path": "/nix/store/54f07kq3ql5scif4yrwryl8d9l3ymnim-python3.12-presenterm-export-0.2.7-dist"
            }
          ],
          "store_path": "/nix/store/c6inci641jz8kwhmmrg0w8h9hqj67r1h-python3.12-presenterm-export-0.2.7"
        }
      }
    },
    "qrencode@4.1.1": {
      "last_modified": "2026-03-05T18:52:33Z",
      "resolved": "github:NixOS/nixpkgs/917fec990948658ef1ccd07cef2a1ef060786846#qrencode",
      "source": "devbox-search",
      "version": "4.1.1",
      "systems": {
        "aarch64-darwin": {
          "outputs": [
            {
              "name": "bin",
              "path": "/nix/store/0xlqy7szjc9vmx6pcsc8ry9fhs6dban3-qrencode-4.1.1-bin",
              "default": true
            },
            {
              "name": "man",
              "path": "/nix/store/4g69vx0qwm7sxa2dg213lma9xg3j1x1n-qrencode-4.1.1-man",
              "default": true
            },
            {
              "name": "dev",
              "path": "/nix/store/kjpq5iradf7hc458pzrycirxnd9sxgd5-qrencode-4.1.1-dev"
            },
            {
              "name": "out",
              "path": "/nix/store/1frb04kfjd20zdzh8k9di5kx3qd51mil-qrencode-4.1.1"
            }
          ],
          "store_path": "/nix/store/0xlqy7szjc9vmx6pcsc8ry9fhs6dban3-qrencode-4.1.1-bin"
        },
        "aarch64-linux": {
          "outputs": [
            {
              "name": "bin",
              "path": "/nix/store/c13r78in9hcsf17qb1pfw13wssmhyp82-qrencode-4.1.1-bin",
              "default": true
            },
            {
              "name": "man",
              "path": "/nix/store/v983wrhn8skqjv2mqmykih9hlf4wrrkx-qrencode-4.1.1-man",
              "default": true
            },
            {
              "name": "dev",
              "path": "/nix/store/n3j46547mrr561blilrsv5d5kvxda1kx-qrencode-4.1.1-dev"
            },
            {
              "name": "out",
              "path": "/nix/store/lmas5gbd6j4dmh4n6mawnlz2k1kfw73f-qrencode-4.1.1"
            }
          ],
          "store_path": "/nix/store/c13r78in9hcsf17qb1pfw13wssmhyp82-qrencode-4.1.1-bin"
        },
        "x86_64-darwin": {
          "outputs": [
            {
              "name": "bin",
              "path": "/nix/store/hdc2v3l0530wwn44ab4m51w48vkxnbil-qrencode-4.1.1-bin",
              "default": true
            },
            {
              "name": "man",
              "path": "/nix/store/k7c5qsgh9wb7n7kz2cph6vqxcx5j0j1j-qrencode-4.1.1-man",
              "default": true
            },
            {
              "name": "dev",
              "path": "/nix/store/3lq3f6cjcn1ga84amfk7y8ppr2m6hqbk-qrencode-4.1.1-dev"
            },
            {
              "name": "out",
              "path": "/nix/store/kgdh3pnbmwk6fqm98q0l4hqhbxn65yb8-qrencode-4.1.1"
            }
          ],
          "store_path": "/nix/store/hdc2v3l0530wwn44ab4m51w48vkxnbil-qrencode-4.1.1-bin"
        },
        "x86_64-linux": {
          "outputs": [
            {
              "name": "bin",
              "path": "/nix/store/ksbilijg4kkxl1fj195pd7gzy81ddvhn-qrencode-4.1.1-bin",
              "default": true
            },
            {
              "name": "man",
              "path": "/nix/store/hl56hpzb4bsamanakxg38vymlg92iiy3-qrencode-4.1.1-man",
              "default": true
            },
            {
              "name": "out",
              "path": "/nix/store/6jhkbzlns5rs1vjgdy9vk4vz6vbggzjg-qrencode-4.1.1"
            },
            {
              "name": "dev",
              "path": "/nix/store/gxb1xzxc9yyb896wc2h7b2159wmczf7m-qrencode-4.1.1-dev"
            }
          ],
          "store_path": "/nix/store/ksbilijg4kkxl1fj195pd7gzy81ddvhn-qrencode-4.1.1-bin"
        }
      }
    },
    "vault-bin@1.21.4": {
      "last_modified": "2026-03-21T07:29:51Z",
      "resolved": "github:NixOS/nixpkgs/09061f748ee21f68a089cd5d91ec1859cd93d0be#vault-bin",
      "source": "devbox-search",
      "version": "1.21.4",
      "systems": {
        "aarch64-darwin": {
          "outputs": [
            {
              "name": "out",
              "path": "/nix/store/f3ci2ysl4kr129vfksysrc4fd8j0r1kf-vault-bin-1.21.4",
              "default": true
            }
          ],
          "store_path": "/nix/store/f3ci2ysl4kr129vfksysrc4fd8j0r1kf-vault-bin-1.21.4"
        },
        "aarch64-linux": {
          "outputs": [
            {
              "name": "out",
              "path": "/nix/store/4k1qsh0bmb0hlhkra15kfisii8jhrsz8-vault-bin-1.21.4",
              "default": true
            }
          ],
          "store_path": "/nix/store/4k1qsh0bmb0hlhkra15kfisii8jhrsz8-vault-bin-1.21.4"
        },
        "x86_64-darwin": {
          "outputs": [
            {
              "name": "out",
              "path": "/nix/store/m3phrqnn2254qbk49rw2mhi8n84fhwgn-vault-bin-1.21.4",
              "default": true
            }
          ],
          "store_path": "/nix/store/m3phrqnn2254qbk49rw2mhi8n84fhwgn-vault-bin-1.21.4"
        },
        "x86_64-linux": {
          "outputs": [
            {
              "name": "out",
              "path": "/nix/store/ixnb0rbhf1qpz61af46ps1l3033d7vg6-vault-bin-1.21.4",
              "default": true
            }
          ],
          "store_path": "/nix/store/ixnb0rbhf1qpz61af46ps1l3033d7vg6-vault-bin-1.21.4"
        }
      }
    }
  }
}
