{
  "lockfile_version": "1",
  "packages": {
    "d2@0.7.1": {
      "last_modified": "2026-02-23T15:40:43Z",
      "resolved": "github:NixOS/nixpkgs/80d901ec0377e19ac3f7bb8c035201e2e098cc97#d2",
      "source": "devbox-search",
      "version": "0.7.1",
      "systems": {
        "aarch64-darwin": {
          "outputs": [
            {
              "name": "out",
              "path": "/nix/store/zxvzb8q3y6sibx7ly4g4l2zyx2z9dcj1-d2-0.7.1",
              "default": true
            }
          ],
          "store_path": "/nix/store/zxvzb8q3y6sibx7ly4g4l2zyx2z9dcj1-d2-0.7.1"
        },
        "aarch64-linux": {
          "outputs": [
            {
              "name": "out",
              "path": "/nix/store/4nvw8wk174wpz4xn2bisf7i0iyqgfk13-d2-0.7.1",
              "default": true
            }
          ],
          "store_path": "/nix/store/4nvw8wk174wpz4xn2bisf7i0iyqgfk13-d2-0.7.1"
        },
        "x86_64-darwin": {
          "outputs": [
            {
              "name": "out",
              "path": "/nix/store/ph3bgqg39kpdq3y13bv4dvc8j9jscp9m-d2-0.7.1",
              "default": true
            }
          ],
          "store_path": "/nix/store/ph3bgqg39kpdq3y13bv4dvc8j9jscp9m-d2-0.7.1"
        },
        "x86_64-linux": {
          "outputs": [
            {
              "name": "out",
              "path": "/nix/store/2hnkrqrch6n5w91nxx76nnpyikb41zfk-d2-0.7.1",
              "default": true
            }
          ],
          "store_path": "/nix/store/2hnkrqrch6n5w91nxx76nnpyikb41zfk-d2-0.7.1"
        }
      }
    },
    "github:NixOS/nixpkgs/nixpkgs-unstable": {
      "last_modified": "2026-03-11T12:14:37Z",
      "resolved": "github:NixOS/nixpkgs/75690239f08f885ca9b0267580101f60d10fbe62?lastModified=1773231277&narHash=sha256-Xy3WEpUAbpsz8ydgvVAQAGGB%2FWB%2B8cNA5cshiL0McTI%3D"
    },
    "presenterm@0.16.1": {
      "last_modified": "2026-02-23T15:40:43Z",
      "resolved": "github:NixOS/nixpkgs/80d901ec0377e19ac3f7bb8c035201e2e098cc97#presenterm",
      "source": "devbox-search",
      "version": "0.16.1",
      "systems": {
        "aarch64-darwin": {
          "outputs": [
            {
              "name": "out",
              "path": "/nix/store/c27fw668g6jlvsdbidr1pl409clyavap-presenterm-0.16.1",
              "default": true
            }
          ],
          "store_path": "/nix/store/c27fw668g6jlvsdbidr1pl409clyavap-presenterm-0.16.1"
        },
        "aarch64-linux": {
          "outputs": [
            {
              "name": "out",
              "path": "/nix/store/m3jx6sni6r06hb62dfrym4hg4g8bffrq-presenterm-0.16.1",
              "default": true
            }
          ],
          "store_path": "/nix/store/m3jx6sni6r06hb62dfrym4hg4g8bffrq-presenterm-0.16.1"
        },
        "x86_64-darwin": {
          "outputs": [
            {
              "name": "out",
              "path": "/nix/store/gvva958xj5h8h4yjgr6wd6r8y59fwpky-presenterm-0.16.1",
              "default": true
            }
          ],
          "store_path": "/nix/store/gvva958xj5h8h4yjgr6wd6r8y59fwpky-presenterm-0.16.1"
        },
        "x86_64-linux": {
          "outputs": [
            {
              "name": "out",
              "path": "/nix/store/006fq685wc2zmxnz1v0qfg8ixlzn65mz-presenterm-0.16.1",
              "default": true
            }
          ],
          "store_path": "/nix/store/006fq685wc2zmxnz1v0qfg8ixlzn65mz-presenterm-0.16.1"
        }
      }
    },
    "python312Packages.presenterm-export@0.2.7": {
      "last_modified": "2025-12-26T02:09:19Z",
      "resolved": "github:NixOS/nixpkgs/8970f698c39f490df47e4cbb7beae7869ddf1978#python312Packages.presenterm-export",
      "source": "devbox-search",
      "version": "0.2.7",
      "systems": {
        "aarch64-darwin": {
          "outputs": [
            {
              "name": "out",
              "path": "/nix/store/32xchz8acabkzkj76aqc94cdif4jspqs-python3.12-presenterm-export-0.2.7",
              "default": true
            },
            {
              "name": "dist",
              "path": "/nix/store/ldzc09bknyhiq72cbwdw94fms39k6mfh-python3.12-presenterm-export-0.2.7-dist"
            }
          ],
          "store_path": "/nix/store/32xchz8acabkzkj76aqc94cdif4jspqs-python3.12-presenterm-export-0.2.7"
        },
        "aarch64-linux": {
          "outputs": [
            {
              "name": "out",
              "path": "/nix/store/99y8011qfan2d3wpl9ymcszs8rnxjg3k-python3.12-presenterm-export-0.2.7",
              "default": true
            },
            {
              "name": "dist",
              "path": "/nix/store/0wc2vjc5dix76gdw7wns75wky9lhyxxn-python3.12-presenterm-export-0.2.7-dist"
            }
          ],
          "store_path": "/nix/store/99y8011qfan2d3wpl9ymcszs8rnxjg3k-python3.12-presenterm-export-0.2.7"
        },
        "x86_64-darwin": {
          "outputs": [
            {
              "name": "out",
              "path": "/nix/store/0vx44ir44iv4vsvhja35v8w883mslpr2-python3.12-presenterm-export-0.2.7",
              "default": true
            },
            {
              "name": "dist",
              "path": "/nix/store/vfrkaxa51za4nqhps4nfbhfs6fy414f8-python3.12-presenterm-export-0.2.7-dist"
            }
          ],
          "store_path": "/nix/store/0vx44ir44iv4vsvhja35v8w883mslpr2-python3.12-presenterm-export-0.2.7"
        },
        "x86_64-linux": {
          "outputs": [
            {
              "name": "out",
              "path": "/nix/store/c6inci641jz8kwhmmrg0w8h9hqj67r1h-python3.12-presenterm-export-0.2.7",
              "default": true
            },
            {
              "name": "dist",
              "path": "/nix/store/54f07kq3ql5scif4yrwryl8d9l3ymnim-python3.12-presenterm-export-0.2.7-dist"
            }
          ],
          "store_path": "/nix/store/c6inci641jz8kwhmmrg0w8h9hqj67r1h-python3.12-presenterm-export-0.2.7"
        }
      }
    }
  }
}
