{
  "lockfile_version": "1",
  "packages": {
    "d2@0.7.0": {
      "last_modified": "2025-05-16T20:19:48Z",
      "resolved": "github:NixOS/nixpkgs/12a55407652e04dcf2309436eb06fef0d3713ef3#d2",
      "source": "devbox-search",
      "version": "0.7.0",
      "systems": {
        "aarch64-darwin": {
          "outputs": [
            {
              "name": "out",
              "path": "/nix/store/i2406bwic51psr64r29gy3bn1nhh3qsx-d2-0.7.0",
              "default": true
            }
          ],
          "store_path": "/nix/store/i2406bwic51psr64r29gy3bn1nhh3qsx-d2-0.7.0"
        },
        "aarch64-linux": {
          "outputs": [
            {
              "name": "out",
              "path": "/nix/store/30yrx8879qr6gnkx7016gkywad6cld9z-d2-0.7.0",
              "default": true
            }
          ],
          "store_path": "/nix/store/30yrx8879qr6gnkx7016gkywad6cld9z-d2-0.7.0"
        },
        "x86_64-darwin": {
          "outputs": [
            {
              "name": "out",
              "path": "/nix/store/8qqvx73z56wn7zkwsfsw4300g7hq5x69-d2-0.7.0",
              "default": true
            }
          ],
          "store_path": "/nix/store/8qqvx73z56wn7zkwsfsw4300g7hq5x69-d2-0.7.0"
        },
        "x86_64-linux": {
          "outputs": [
            {
              "name": "out",
              "path": "/nix/store/5k2pd7c6wwysqncxh92855mgz8i5r2jj-d2-0.7.0",
              "default": true
            }
          ],
          "store_path": "/nix/store/5k2pd7c6wwysqncxh92855mgz8i5r2jj-d2-0.7.0"
        }
      }
    },
    "github:NixOS/nixpkgs/nixpkgs-unstable": {
      "resolved": "github:NixOS/nixpkgs/de0fe301211c267807afd11b12613f5511ff7433?lastModified=1741310760&narHash=sha256-aizILFrPgq%2FW53Jw8i0a1h1GZAAKtlYOrG%2FA5r46gVM%3D"
    },
    "presenterm@0.14.0": {
      "last_modified": "2025-05-24T21:46:02Z",
      "resolved": "github:NixOS/nixpkgs/edb3633f9100d9277d1c9af245a4e9337a980c07#presenterm",
      "source": "devbox-search",
      "version": "0.14.0",
      "systems": {
        "aarch64-darwin": {
          "outputs": [
            {
              "name": "out",
              "path": "/nix/store/04df6dgpf77zkl2mf8d603zi6siyv7l8-presenterm-0.14.0",
              "default": true
            }
          ],
          "store_path": "/nix/store/04df6dgpf77zkl2mf8d603zi6siyv7l8-presenterm-0.14.0"
        },
        "aarch64-linux": {
          "outputs": [
            {
              "name": "out",
              "path": "/nix/store/krh5fjpa4sadskjmn3c23xxpqvz0cw85-presenterm-0.14.0",
              "default": true
            }
          ],
          "store_path": "/nix/store/krh5fjpa4sadskjmn3c23xxpqvz0cw85-presenterm-0.14.0"
        },
        "x86_64-darwin": {
          "outputs": [
            {
              "name": "out",
              "path": "/nix/store/18d3dfq9q7xqb94lzs034ml8varspyi3-presenterm-0.14.0",
              "default": true
            }
          ],
          "store_path": "/nix/store/18d3dfq9q7xqb94lzs034ml8varspyi3-presenterm-0.14.0"
        },
        "x86_64-linux": {
          "outputs": [
            {
              "name": "out",
              "path": "/nix/store/743d7a65iymmwdbgannx8a7sgj4a8zra-presenterm-0.14.0",
              "default": true
            }
          ],
          "store_path": "/nix/store/743d7a65iymmwdbgannx8a7sgj4a8zra-presenterm-0.14.0"
        }
      }
    },
    "python312Packages.presenterm-export@0.2.7": {
      "last_modified": "2025-02-27T15:48:43Z",
      "resolved": "github:NixOS/nixpkgs/6c5c5f5100281f8f4ff23f13edd17d645178c87c#python312Packages.presenterm-export",
      "source": "devbox-search",
      "version": "0.2.7",
      "systems": {
        "aarch64-darwin": {
          "outputs": [
            {
              "name": "out",
              "path": "/nix/store/73wq6gkfcd6f4wrc6psga8vj2l779w8v-python3.12-presenterm-export-0.2.7",
              "default": true
            },
            {
              "name": "dist",
              "path": "/nix/store/wsxpv8ijix4y25mh6b8vakbqf37np041-python3.12-presenterm-export-0.2.7-dist"
            }
          ],
          "store_path": "/nix/store/73wq6gkfcd6f4wrc6psga8vj2l779w8v-python3.12-presenterm-export-0.2.7"
        },
        "aarch64-linux": {
          "outputs": [
            {
              "name": "out",
              "path": "/nix/store/pwqnbycak47l5qrppq7yvgr56bzkn1ic-python3.12-presenterm-export-0.2.7",
              "default": true
            },
            {
              "name": "dist",
              "path": "/nix/store/jb4jmkiyxca402lsqdgg0f464fbzyadv-python3.12-presenterm-export-0.2.7-dist"
            }
          ],
          "store_path": "/nix/store/pwqnbycak47l5qrppq7yvgr56bzkn1ic-python3.12-presenterm-export-0.2.7"
        },
        "x86_64-darwin": {
          "outputs": [
            {
              "name": "out",
              "path": "/nix/store/2f58w7k68k1yzv2lg3iy732qsm31h9n5-python3.12-presenterm-export-0.2.7",
              "default": true
            },
            {
              "name": "dist",
              "path": "/nix/store/pfb2mwr1cy3yqpinz371273xhcw6pgjy-python3.12-presenterm-export-0.2.7-dist"
            }
          ],
          "store_path": "/nix/store/2f58w7k68k1yzv2lg3iy732qsm31h9n5-python3.12-presenterm-export-0.2.7"
        },
        "x86_64-linux": {
          "outputs": [
            {
              "name": "out",
              "path": "/nix/store/7h6410nc4h4vl8gh2pv9595h48xrhx9d-python3.12-presenterm-export-0.2.7",
              "default": true
            },
            {
              "name": "dist",
              "path": "/nix/store/d336jbn9insjx1q39g1p2j96mz9gipjs-python3.12-presenterm-export-0.2.7-dist"
            }
          ],
          "store_path": "/nix/store/7h6410nc4h4vl8gh2pv9595h48xrhx9d-python3.12-presenterm-export-0.2.7"
        }
      }
    }
  }
}
