{
  "lockfile_version": "1",
  "packages": {
    "github:NixOS/nixpkgs/nixpkgs-unstable": {
      "last_modified": "2026-03-11T12:14:37Z",
      "resolved": "github:NixOS/nixpkgs/75690239f08f885ca9b0267580101f60d10fbe62?lastModified=1773231277&narHash=sha256-Xy3WEpUAbpsz8ydgvVAQAGGB%2FWB%2B8cNA5cshiL0McTI%3D"
    },
    "kitty@0.46.1": {
      "last_modified": "2026-03-21T07:29:51Z",
      "resolved": "github:NixOS/nixpkgs/09061f748ee21f68a089cd5d91ec1859cd93d0be#kitty",
      "source": "devbox-search",
      "version": "0.46.1",
      "systems": {
        "aarch64-darwin": {
          "outputs": [
            {
              "name": "out",
              "path": "/nix/store/442raz4vdzssl33k1cklbvwbhy2psiad-kitty-0.46.1",
              "default": true
            },
            {
              "name": "kitten",
              "path": "/nix/store/1zjk5bza1bm160bxph8mqpscnmnpbvpn-kitty-0.46.1-kitten"
            },
            {
              "name": "shell_integration",
              "path": "/nix/store/fiq4yq9dajnc8gkw5j9wda07yabhr4nh-kitty-0.46.1-shell_integration"
            },
            {
              "name": "terminfo",
              "path": "/nix/store/wnk38pq23z8gby8wgd60wmjgajqlwwm2-kitty-0.46.1-terminfo"
            }
          ],
          "store_path": "/nix/store/442raz4vdzssl33k1cklbvwbhy2psiad-kitty-0.46.1"
        },
        "aarch64-linux": {
          "outputs": [
            {
              "name": "out",
              "path": "/nix/store/vc219jmzsp9a3vya6p1hyjh77v1xrbpz-kitty-0.46.1",
              "default": true
            },
            {
              "name": "kitten",
              "path": "/nix/store/6r4046pd5xbpdwn5p86162i2n4zzziy5-kitty-0.46.1-kitten"
            },
            {
              "name": "shell_integration",
              "path": "/nix/store/dnldh29gi4iv9zh8m0c7clm9d03r1j57-kitty-0.46.1-shell_integration"
            },
            {
              "name": "terminfo",
              "path": "/nix/store/x7s4a78mrd2ryi2qnlvqlybdc1mzz4hd-kitty-0.46.1-terminfo"
            }
          ],
          "store_path": "/nix/store/vc219jmzsp9a3vya6p1hyjh77v1xrbpz-kitty-0.46.1"
        },
        "x86_64-darwin": {
          "outputs": [
            {
              "name": "out",
              "path": "/nix/store/jm9kckrgm7qz04s5xrcss6wxfpgkw07n-kitty-0.46.1",
              "default": true
            },
            {
              "name": "kitten",
              "path": "/nix/store/0kk6n454d9gb3wjzs6s64yvll4sgia4s-kitty-0.46.1-kitten"
            },
            {
              "name": "shell_integration",
              "path": "/nix/store/p74rr8zkb5mh4hqmai2vd6iqrlm1vp2c-kitty-0.46.1-shell_integration"
            },
            {
              "name": "terminfo",
              "path": "/nix/store/1qy9gajzrz4shikvrdkvkbk5pq0xlfba-kitty-0.46.1-terminfo"
            }
          ],
          "store_path": "/nix/store/jm9kckrgm7qz04s5xrcss6wxfpgkw07n-kitty-0.46.1"
        },
        "x86_64-linux": {
          "outputs": [
            {
              "name": "out",
              "path": "/nix/store/4inbk3zp7v6q9y611f1862f78yzlx07l-kitty-0.46.1",
              "default": true
            },
            {
              "name": "kitten",
              "path": "/nix/store/7fcz85820awxkj7rk6zfg2wlgvxf0gpk-kitty-0.46.1-kitten"
            },
            {
              "name": "shell_integration",
              "path": "/nix/store/p6gyj63cryf99lw2k8yv6jv140h4s2ky-kitty-0.46.1-shell_integration"
            },
            {
              "name": "terminfo",
              "path": "/nix/store/6hh1azw0v24x9165faz4fcmhldgfzh8w-kitty-0.46.1-terminfo"
            }
          ],
          "store_path": "/nix/store/4inbk3zp7v6q9y611f1862f78yzlx07l-kitty-0.46.1"
        }
      }
    },
    "presenterm@0.16.1": {
      "last_modified": "2026-02-23T15:40:43Z",
      "resolved": "github:NixOS/nixpkgs/80d901ec0377e19ac3f7bb8c035201e2e098cc97#presenterm",
      "source": "devbox-search",
      "version": "0.16.1",
      "systems": {
        "aarch64-darwin": {
          "outputs": [
            {
              "name": "out",
              "path": "/nix/store/c27fw668g6jlvsdbidr1pl409clyavap-presenterm-0.16.1",
              "default": true
            }
          ],
          "store_path": "/nix/store/c27fw668g6jlvsdbidr1pl409clyavap-presenterm-0.16.1"
        },
        "aarch64-linux": {
          "outputs": [
            {
              "name": "out",
              "path": "/nix/store/m3jx6sni6r06hb62dfrym4hg4g8bffrq-presenterm-0.16.1",
              "default": true
            }
          ],
          "store_path": "/nix/store/m3jx6sni6r06hb62dfrym4hg4g8bffrq-presenterm-0.16.1"
        },
        "x86_64-darwin": {
          "outputs": [
            {
              "name": "out",
              "path": "/nix/store/gvva958xj5h8h4yjgr6wd6r8y59fwpky-presenterm-0.16.1",
              "default": true
            }
          ],
          "store_path": "/nix/store/gvva958xj5h8h4yjgr6wd6r8y59fwpky-presenterm-0.16.1"
        },
        "x86_64-linux": {
          "outputs": [
            {
              "name": "out",
              "path": "/nix/store/006fq685wc2zmxnz1v0qfg8ixlzn65mz-presenterm-0.16.1",
              "default": true
            }
          ],
          "store_path": "/nix/store/006fq685wc2zmxnz1v0qfg8ixlzn65mz-presenterm-0.16.1"
        }
      }
    },
    "python312Packages.presenterm-export@0.2.7": {
      "last_modified": "2025-12-26T02:09:19Z",
      "resolved": "github:NixOS/nixpkgs/8970f698c39f490df47e4cbb7beae7869ddf1978#python312Packages.presenterm-export",
      "source": "devbox-search",
      "version": "0.2.7",
      "systems": {
        "aarch64-darwin": {
          "outputs": [
            {
              "name": "out",
              "path": "/nix/store/32xchz8acabkzkj76aqc94cdif4jspqs-python3.12-presenterm-export-0.2.7",
              "default": true
            },
            {
              "name": "dist",
              "path": "/nix/store/ldzc09bknyhiq72cbwdw94fms39k6mfh-python3.12-presenterm-export-0.2.7-dist"
            }
          ],
          "store_path": "/nix/store/32xchz8acabkzkj76aqc94cdif4jspqs-python3.12-presenterm-export-0.2.7"
        },
        "aarch64-linux": {
          "outputs": [
            {
              "name": "out",
              "path": "/nix/store/99y8011qfan2d3wpl9ymcszs8rnxjg3k-python3.12-presenterm-export-0.2.7",
              "default": true
            },
            {
              "name": "dist",
              "path": "/nix/store/0wc2vjc5dix76gdw7wns75wky9lhyxxn-python3.12-presenterm-export-0.2.7-dist"
            }
          ],
          "store_path": "/nix/store/99y8011qfan2d3wpl9ymcszs8rnxjg3k-python3.12-presenterm-export-0.2.7"
        },
        "x86_64-darwin": {
          "outputs": [
            {
              "name": "out",
              "path": "/nix/store/0vx44ir44iv4vsvhja35v8w883mslpr2-python3.12-presenterm-export-0.2.7",
              "default": true
            },
            {
              "name": "dist",
              "path": "/nix/store/vfrkaxa51za4nqhps4nfbhfs6fy414f8-python3.12-presenterm-export-0.2.7-dist"
            }
          ],
          "store_path": "/nix/store/0vx44ir44iv4vsvhja35v8w883mslpr2-python3.12-presenterm-export-0.2.7"
        },
        "x86_64-linux": {
          "outputs": [
            {
              "name": "out",
              "path": "/nix/store/c6inci641jz8kwhmmrg0w8h9hqj67r1h-python3.12-presenterm-export-0.2.7",
              "default": true
            },
            {
              "name": "dist",
              "path": "/nix/store/54f07kq3ql5scif4yrwryl8d9l3ymnim-python3.12-presenterm-export-0.2.7-dist"
            }
          ],
          "store_path": "/nix/store/c6inci641jz8kwhmmrg0w8h9hqj67r1h-python3.12-presenterm-export-0.2.7"
        }
      }
    }
  }
}
