{
  "lockfile_version": "1",
  "packages": {
    "github:NixOS/nixpkgs/nixpkgs-unstable": {
      "last_modified": "2026-03-28T12:40:58Z",
      "resolved": "github:NixOS/nixpkgs/b63fe7f000adcfa269967eeff72c64cafecbbebe?lastModified=1774701658&narHash=sha256-CIS%2F4AMUSwUyC8X5g%2B5JsMRvIUL3YUfewe8K4VrbsSQ%3D"
    },
    "kitty@0.48.2": {
      "last_modified": "2026-08-01T16:34:20Z",
      "resolved": "github:NixOS/nixpkgs/a5cbcfe954791221bfffe2307f7d1a1bf61a871e#kitty",
      "source": "devbox-search",
      "version": "0.48.2",
      "systems": {
        "aarch64-darwin": {
          "outputs": [
            {
              "name": "out",
              "path": "/nix/store/xm6l2iywgh8js10q0yjd4hl7yyj7mkpw-kitty-0.48.2",
              "default": true
            },
            {
              "name": "kitten",
              "path": "/nix/store/a0dd55cpkjs3p9aj9cx35ml6z5w4ww6v-kitty-0.48.2-kitten"
            },
            {
              "name": "shell_integration",
              "path": "/nix/store/kap3bmhcp93cqgqsjpl207ksxhv12728-kitty-0.48.2-shell_integration"
            },
            {
              "name": "terminfo",
              "path": "/nix/store/n1lmgg97d3l0f3dr8ackw09a3mssns5v-kitty-0.48.2-terminfo"
            }
          ],
          "store_path": "/nix/store/xm6l2iywgh8js10q0yjd4hl7yyj7mkpw-kitty-0.48.2"
        },
        "aarch64-linux": {
          "outputs": [
            {
              "name": "out",
              "path": "/nix/store/j506l59n0s2bzgwrlc954i6qw6vdiiwh-kitty-0.48.2",
              "default": true
            },
            {
              "name": "terminfo",
              "path": "/nix/store/nkvih5d9xj32y07jqmm44xm49bw9z6bd-kitty-0.48.2-terminfo"
            },
            {
              "name": "kitten",
              "path": "/nix/store/2vqrgpmddnshx50x3yzwb522xgizhlga-kitty-0.48.2-kitten"
            },
            {
              "name": "shell_integration",
              "path": "/nix/store/jqr9w3mz73ij2sz47w9v8azgqg1r47v1-kitty-0.48.2-shell_integration"
            }
          ],
          "store_path": "/nix/store/j506l59n0s2bzgwrlc954i6qw6vdiiwh-kitty-0.48.2"
        },
        "x86_64-linux": {
          "outputs": [
            {
              "name": "out",
              "path": "/nix/store/myprk5hqplf1hc0cj8mv7chbnpb7gini-kitty-0.48.2",
              "default": true
            },
            {
              "name": "shell_integration",
              "path": "/nix/store/n9cbsvha30nz99y2z7qavwqwh7r151vp-kitty-0.48.2-shell_integration"
            },
            {
              "name": "terminfo",
              "path": "/nix/store/ffm8z80741wzdxhriba4b35r3l2s711q-kitty-0.48.2-terminfo"
            },
            {
              "name": "kitten",
              "path": "/nix/store/mmwfnv4ar3bsls8wizhfcxpb3ysc3ajq-kitty-0.48.2-kitten"
            }
          ],
          "store_path": "/nix/store/myprk5hqplf1hc0cj8mv7chbnpb7gini-kitty-0.48.2"
        }
      }
    },
    "presenterm@0.16.1": {
      "last_modified": "2026-03-21T07:29:51Z",
      "resolved": "github:NixOS/nixpkgs/09061f748ee21f68a089cd5d91ec1859cd93d0be#presenterm",
      "source": "devbox-search",
      "version": "0.16.1",
      "systems": {
        "aarch64-darwin": {
          "outputs": [
            {
              "name": "out",
              "path": "/nix/store/f4dpf74rdzz1vhb8283mg8r5kq2ybk93-presenterm-0.16.1",
              "default": true
            }
          ],
          "store_path": "/nix/store/f4dpf74rdzz1vhb8283mg8r5kq2ybk93-presenterm-0.16.1"
        },
        "aarch64-linux": {
          "outputs": [
            {
              "name": "out",
              "path": "/nix/store/73mnfz7vg3g3n1kx034554bi1bpwh7fb-presenterm-0.16.1",
              "default": true
            }
          ],
          "store_path": "/nix/store/73mnfz7vg3g3n1kx034554bi1bpwh7fb-presenterm-0.16.1"
        },
        "x86_64-darwin": {
          "outputs": [
            {
              "name": "out",
              "path": "/nix/store/nf4am27dgsl6hak5x9j5f82wra23zq1c-presenterm-0.16.1",
              "default": true
            }
          ],
          "store_path": "/nix/store/nf4am27dgsl6hak5x9j5f82wra23zq1c-presenterm-0.16.1"
        },
        "x86_64-linux": {
          "outputs": [
            {
              "name": "out",
              "path": "/nix/store/x86dyh9ir1b0saywxcmz79zwn7rs27s3-presenterm-0.16.1",
              "default": true
            }
          ],
          "store_path": "/nix/store/x86dyh9ir1b0saywxcmz79zwn7rs27s3-presenterm-0.16.1"
        }
      }
    },
    "python312Packages.presenterm-export@0.2.7": {
      "last_modified": "2025-12-26T02:09:19Z",
      "resolved": "github:NixOS/nixpkgs/8970f698c39f490df47e4cbb7beae7869ddf1978#python312Packages.presenterm-export",
      "source": "devbox-search",
      "version": "0.2.7",
      "systems": {
        "aarch64-darwin": {
          "outputs": [
            {
              "name": "out",
              "path": "/nix/store/32xchz8acabkzkj76aqc94cdif4jspqs-python3.12-presenterm-export-0.2.7",
              "default": true
            },
            {
              "name": "dist",
              "path": "/nix/store/ldzc09bknyhiq72cbwdw94fms39k6mfh-python3.12-presenterm-export-0.2.7-dist"
            }
          ],
          "store_path": "/nix/store/32xchz8acabkzkj76aqc94cdif4jspqs-python3.12-presenterm-export-0.2.7"
        },
        "aarch64-linux": {
          "outputs": [
            {
              "name": "out",
              "path": "/nix/store/99y8011qfan2d3wpl9ymcszs8rnxjg3k-python3.12-presenterm-export-0.2.7",
              "default": true
            },
            {
              "name": "dist",
              "path": "/nix/store/0wc2vjc5dix76gdw7wns75wky9lhyxxn-python3.12-presenterm-export-0.2.7-dist"
            }
          ],
          "store_path": "/nix/store/99y8011qfan2d3wpl9ymcszs8rnxjg3k-python3.12-presenterm-export-0.2.7"
        },
        "x86_64-darwin": {
          "outputs": [
            {
              "name": "out",
              "path": "/nix/store/0vx44ir44iv4vsvhja35v8w883mslpr2-python3.12-presenterm-export-0.2.7",
              "default": true
            },
            {
              "name": "dist",
              "path": "/nix/store/vfrkaxa51za4nqhps4nfbhfs6fy414f8-python3.12-presenterm-export-0.2.7-dist"
            }
          ],
          "store_path": "/nix/store/0vx44ir44iv4vsvhja35v8w883mslpr2-python3.12-presenterm-export-0.2.7"
        },
        "x86_64-linux": {
          "outputs": [
            {
              "name": "out",
              "path": "/nix/store/c6inci641jz8kwhmmrg0w8h9hqj67r1h-python3.12-presenterm-export-0.2.7",
              "default": true
            },
            {
              "name": "dist",
              "path": "/nix/store/54f07kq3ql5scif4yrwryl8d9l3ymnim-python3.12-presenterm-export-0.2.7-dist"
            }
          ],
          "store_path": "/nix/store/c6inci641jz8kwhmmrg0w8h9hqj67r1h-python3.12-presenterm-export-0.2.7"
        }
      }
    }
  }
}
