{
  "lockfile_version": "1",
  "packages": {
    "github:NixOS/nixpkgs/nixpkgs-unstable": {
      "last_modified": "2026-09-06T09:21:42Z",
      "resolved": "github:NixOS/nixpkgs/94a0f8d9ca5da101ec1cddbdfecfdc1ae1766d04?lastModified=1788686502&narHash=sha256-C5ETRqK0ji2SGGVpjdsAIv%2BYd6m4vB6DOiGPQXP%2FM34%3D"
    },
    "miniserve@0.35.0": {
      "last_modified": "2026-08-27T07:16:00Z",
      "resolved": "github:NixOS/nixpkgs/c27cdad491a991b11ed731760aa2ef8db0cb0410#miniserve",
      "source": "devbox-search",
      "version": "0.35.0",
      "systems": {
        "aarch64-darwin": {
          "outputs": [
            {
              "name": "out",
              "path": "/nix/store/9yawqswdx0jf2yd266pszd79sj1l4bpk-miniserve-0.35.0",
              "default": true
            }
          ],
          "store_path": "/nix/store/9yawqswdx0jf2yd266pszd79sj1l4bpk-miniserve-0.35.0"
        },
        "aarch64-linux": {
          "outputs": [
            {
              "name": "out",
              "path": "/nix/store/jarrkbkhr9186vxqfkh1gpd3jrfi1bgv-miniserve-0.35.0",
              "default": true
            }
          ],
          "store_path": "/nix/store/jarrkbkhr9186vxqfkh1gpd3jrfi1bgv-miniserve-0.35.0"
        },
        "x86_64-darwin": {
          "outputs": [
            {
              "name": "out",
              "path": "/nix/store/vi6swck39xczzf6rdkm7ympnsz6mhrnn-miniserve-0.35.0",
              "default": true
            }
          ],
          "store_path": "/nix/store/vi6swck39xczzf6rdkm7ympnsz6mhrnn-miniserve-0.35.0"
        },
        "x86_64-linux": {
          "outputs": [
            {
              "name": "out",
              "path": "/nix/store/29v0ak50dq39hdv8ad3nq6s8vyc0rdsl-miniserve-0.35.0",
              "default": true
            }
          ],
          "store_path": "/nix/store/29v0ak50dq39hdv8ad3nq6s8vyc0rdsl-miniserve-0.35.0"
        }
      }
    },
    "pandoc-imagine@0.1.7": {
      "last_modified": "2026-08-27T07:16:00Z",
      "resolved": "github:NixOS/nixpkgs/c27cdad491a991b11ed731760aa2ef8db0cb0410#pandoc-imagine",
      "source": "devbox-search",
      "version": "0.1.7",
      "systems": {
        "aarch64-darwin": {
          "outputs": [
            {
              "name": "out",
              "path": "/nix/store/4zga0k7fd396wv7bdx2x5id5pd1py0ba-pandoc-imagine-0.1.7",
              "default": true
            },
            {
              "name": "dist",
              "path": "/nix/store/qbznph9473pyyhjazkfyhz2wkm9y7y9b-pandoc-imagine-0.1.7-dist"
            }
          ],
          "store_path": "/nix/store/4zga0k7fd396wv7bdx2x5id5pd1py0ba-pandoc-imagine-0.1.7"
        },
        "aarch64-linux": {
          "outputs": [
            {
              "name": "out",
              "path": "/nix/store/z8zxlzwqjrjpynabppdsb2lygh077dpw-pandoc-imagine-0.1.7",
              "default": true
            },
            {
              "name": "dist",
              "path": "/nix/store/7cy12fk3fg460ylhsa2knnpg7n31d2p4-pandoc-imagine-0.1.7-dist"
            }
          ],
          "store_path": "/nix/store/z8zxlzwqjrjpynabppdsb2lygh077dpw-pandoc-imagine-0.1.7"
        },
        "x86_64-darwin": {
          "outputs": [
            {
              "name": "out",
              "path": "/nix/store/sr8v2fk3z3jrff47ara81v9x7ck0qld6-pandoc-imagine-0.1.7",
              "default": true
            },
            {
              "name": "dist",
              "path": "/nix/store/iswhgzy8fxf2a61p63d6iirwp8kqlq49-pandoc-imagine-0.1.7-dist"
            }
          ],
          "store_path": "/nix/store/sr8v2fk3z3jrff47ara81v9x7ck0qld6-pandoc-imagine-0.1.7"
        },
        "x86_64-linux": {
          "outputs": [
            {
              "name": "out",
              "path": "/nix/store/z2rsqgrxkl96j0q51xjfvhwd93cmg6vj-pandoc-imagine-0.1.7",
              "default": true
            },
            {
              "name": "dist",
              "path": "/nix/store/fnqcc4xf1rb4pm9hyfflcwpxm5qdilrc-pandoc-imagine-0.1.7-dist"
            }
          ],
          "store_path": "/nix/store/z2rsqgrxkl96j0q51xjfvhwd93cmg6vj-pandoc-imagine-0.1.7"
        }
      }
    },
    "pandoc@3.1.11.1": {
      "last_modified": "2025-04-17T05:47:26Z",
      "resolved": "github:NixOS/nixpkgs/ebe4301cbd8f81c4f8d3244b3632338bbeb6d49c#pandoc",
      "source": "devbox-search",
      "version": "3.1.11.1",
      "systems": {
        "aarch64-darwin": {
          "outputs": [
            {
              "name": "out",
              "path": "/nix/store/w3v3nh5mvzgj21fi67xn8j6kspc1sq25-pandoc-cli-3.1.11.1",
              "default": true
            }
          ],
          "store_path": "/nix/store/w3v3nh5mvzgj21fi67xn8j6kspc1sq25-pandoc-cli-3.1.11.1"
        },
        "aarch64-linux": {
          "outputs": [
            {
              "name": "out",
              "path": "/nix/store/fw4dg1vn8l4fz6245rvrnmp4lhnbd3qs-pandoc-cli-3.1.11.1",
              "default": true
            }
          ],
          "store_path": "/nix/store/fw4dg1vn8l4fz6245rvrnmp4lhnbd3qs-pandoc-cli-3.1.11.1"
        },
        "x86_64-darwin": {
          "outputs": [
            {
              "name": "out",
              "path": "/nix/store/8sqh4zvm830i2w56xmy4bpqcnqh5v358-pandoc-cli-3.1.11.1",
              "default": true
            }
          ],
          "store_path": "/nix/store/8sqh4zvm830i2w56xmy4bpqcnqh5v358-pandoc-cli-3.1.11.1"
        },
        "x86_64-linux": {
          "outputs": [
            {
              "name": "out",
              "path": "/nix/store/by7bm3gs25vvx6ps5w5gx5bk8pr8xpjr-pandoc-cli-3.1.11.1",
              "default": true
            }
          ],
          "store_path": "/nix/store/by7bm3gs25vvx6ps5w5gx5bk8pr8xpjr-pandoc-cli-3.1.11.1"
        }
      }
    }
  }
}
