{
  "lockfile_version": "1",
  "packages": {
    "github:NixOS/nixpkgs/nixpkgs-unstable": {
      "resolved": "github:NixOS/nixpkgs/eaeed9530c76ce5f1d2d8232e08bec5e26f18ec1?lastModified=1747060738&narHash=sha256-ByfPRQuqj%2BnhtVV0koinEpmJw0KLzNbgcgi9EF%2BNVow%3D"
    },
    "miniserve@0.28.0": {
      "last_modified": "2025-05-16T20:19:48Z",
      "resolved": "github:NixOS/nixpkgs/12a55407652e04dcf2309436eb06fef0d3713ef3#miniserve",
      "source": "devbox-search",
      "version": "0.28.0",
      "systems": {
        "aarch64-darwin": {
          "outputs": [
            {
              "name": "out",
              "path": "/nix/store/b7m5bc4gh6sglg7ngmz1w2bz2z0j595r-miniserve-0.28.0",
              "default": true
            }
          ],
          "store_path": "/nix/store/b7m5bc4gh6sglg7ngmz1w2bz2z0j595r-miniserve-0.28.0"
        },
        "aarch64-linux": {
          "outputs": [
            {
              "name": "out",
              "path": "/nix/store/wgrrdzm1n466vg61ix6rnq0pkm36hjj0-miniserve-0.28.0",
              "default": true
            }
          ],
          "store_path": "/nix/store/wgrrdzm1n466vg61ix6rnq0pkm36hjj0-miniserve-0.28.0"
        },
        "x86_64-darwin": {
          "outputs": [
            {
              "name": "out",
              "path": "/nix/store/kx68s7d90q5qwxpbkcfn80ihczq0xn7f-miniserve-0.28.0",
              "default": true
            }
          ],
          "store_path": "/nix/store/kx68s7d90q5qwxpbkcfn80ihczq0xn7f-miniserve-0.28.0"
        },
        "x86_64-linux": {
          "outputs": [
            {
              "name": "out",
              "path": "/nix/store/hx0a83c9hj72r9v6lgfmzjlnq03wa4cv-miniserve-0.28.0",
              "default": true
            }
          ],
          "store_path": "/nix/store/hx0a83c9hj72r9v6lgfmzjlnq03wa4cv-miniserve-0.28.0"
        }
      }
    },
    "pandoc-imagine@0.1.6": {
      "last_modified": "2025-05-06T08:06:31Z",
      "resolved": "github:NixOS/nixpkgs/1cb1c02a6b1b7cf67e3d7731cbbf327a53da9679#pandoc-imagine",
      "source": "devbox-search",
      "version": "0.1.6",
      "systems": {
        "aarch64-darwin": {
          "outputs": [
            {
              "name": "out",
              "path": "/nix/store/vfaha2sbxry7v09zyjgkg81m5n3ypgvy-pandoc-imagine-0.1.6",
              "default": true
            },
            {
              "name": "dist",
              "path": "/nix/store/7ddjbycczihfbszhq43y39cqzfbmn5q0-pandoc-imagine-0.1.6-dist"
            }
          ],
          "store_path": "/nix/store/vfaha2sbxry7v09zyjgkg81m5n3ypgvy-pandoc-imagine-0.1.6"
        },
        "aarch64-linux": {
          "outputs": [
            {
              "name": "out",
              "path": "/nix/store/21z0rn0hqpri56ri9yw0mvdiaxqyjj3l-pandoc-imagine-0.1.6",
              "default": true
            },
            {
              "name": "dist",
              "path": "/nix/store/43dnsqab0dckxy92sali2r47kzfcr42j-pandoc-imagine-0.1.6-dist"
            }
          ],
          "store_path": "/nix/store/21z0rn0hqpri56ri9yw0mvdiaxqyjj3l-pandoc-imagine-0.1.6"
        },
        "x86_64-darwin": {
          "outputs": [
            {
              "name": "out",
              "path": "/nix/store/m01z9nr22z9x0wvpgxpnjfd9n4299hf7-pandoc-imagine-0.1.6",
              "default": true
            },
            {
              "name": "dist",
              "path": "/nix/store/0zv0d7vf70f4zg7vx9jsyd4q6r1wa2al-pandoc-imagine-0.1.6-dist"
            }
          ],
          "store_path": "/nix/store/m01z9nr22z9x0wvpgxpnjfd9n4299hf7-pandoc-imagine-0.1.6"
        },
        "x86_64-linux": {
          "outputs": [
            {
              "name": "out",
              "path": "/nix/store/ms45cds4i3phwzp3pfhddnra68nwk5cr-pandoc-imagine-0.1.6",
              "default": true
            },
            {
              "name": "dist",
              "path": "/nix/store/kwgyzbd3vw54cv53fxgc6anhl0pfld0z-pandoc-imagine-0.1.6-dist"
            }
          ],
          "store_path": "/nix/store/ms45cds4i3phwzp3pfhddnra68nwk5cr-pandoc-imagine-0.1.6"
        }
      }
    },
    "pandoc@3.1.11.1": {
      "last_modified": "2025-04-17T05:47:26Z",
      "resolved": "github:NixOS/nixpkgs/ebe4301cbd8f81c4f8d3244b3632338bbeb6d49c#pandoc",
      "source": "devbox-search",
      "version": "3.1.11.1",
      "systems": {
        "aarch64-darwin": {
          "outputs": [
            {
              "name": "out",
              "path": "/nix/store/w3v3nh5mvzgj21fi67xn8j6kspc1sq25-pandoc-cli-3.1.11.1",
              "default": true
            }
          ],
          "store_path": "/nix/store/w3v3nh5mvzgj21fi67xn8j6kspc1sq25-pandoc-cli-3.1.11.1"
        },
        "aarch64-linux": {
          "outputs": [
            {
              "name": "out",
              "path": "/nix/store/fw4dg1vn8l4fz6245rvrnmp4lhnbd3qs-pandoc-cli-3.1.11.1",
              "default": true
            }
          ],
          "store_path": "/nix/store/fw4dg1vn8l4fz6245rvrnmp4lhnbd3qs-pandoc-cli-3.1.11.1"
        },
        "x86_64-darwin": {
          "outputs": [
            {
              "name": "out",
              "path": "/nix/store/8sqh4zvm830i2w56xmy4bpqcnqh5v358-pandoc-cli-3.1.11.1",
              "default": true
            }
          ],
          "store_path": "/nix/store/8sqh4zvm830i2w56xmy4bpqcnqh5v358-pandoc-cli-3.1.11.1"
        },
        "x86_64-linux": {
          "outputs": [
            {
              "name": "out",
              "path": "/nix/store/by7bm3gs25vvx6ps5w5gx5bk8pr8xpjr-pandoc-cli-3.1.11.1",
              "default": true
            }
          ],
          "store_path": "/nix/store/by7bm3gs25vvx6ps5w5gx5bk8pr8xpjr-pandoc-cli-3.1.11.1"
        }
      }
    }
  }
}
