{
  "lockfile_version": "1",
  "packages": {
    "github:NixOS/nixpkgs/nixpkgs-unstable": {
      "last_modified": "2025-05-20T08:00:33Z",
      "resolved": "github:NixOS/nixpkgs/2f9173bde1d3fbf1ad26ff6d52f952f9e9da52ea?lastModified=1747728033&narHash=sha256-NnXFQu7g4LnvPIPfJmBuZF7LFy%2Ffey2g2%2BLCzjQhTUk%3D"
    },
    "kitty@0.42.2": {
      "last_modified": "2025-07-17T10:11:59Z",
      "resolved": "github:NixOS/nixpkgs/fa0ef8a6bb1651aa26c939aeb51b5f499e86b0ec#kitty",
      "source": "devbox-search",
      "version": "0.42.2",
      "systems": {
        "aarch64-darwin": {
          "outputs": [
            {
              "name": "out",
              "path": "/nix/store/xzfhlhsfwfqqrdad7iwnkhma0clsgj2m-kitty-0.42.2",
              "default": true
            },
            {
              "name": "shell_integration",
              "path": "/nix/store/nma2pl35flfwpawgp65n6gklk25crywc-kitty-0.42.2-shell_integration"
            },
            {
              "name": "terminfo",
              "path": "/nix/store/8fpij78bfhwskwn16lqy738mjqsab6n5-kitty-0.42.2-terminfo"
            },
            {
              "name": "kitten",
              "path": "/nix/store/w7yr990ps8hq7m4za3qpblvsiqgryhv2-kitty-0.42.2-kitten"
            }
          ],
          "store_path": "/nix/store/xzfhlhsfwfqqrdad7iwnkhma0clsgj2m-kitty-0.42.2"
        },
        "aarch64-linux": {
          "outputs": [
            {
              "name": "out",
              "path": "/nix/store/7iack9lh84bfwrb7i1a91vvf6fdwaj9a-kitty-0.42.2",
              "default": true
            },
            {
              "name": "terminfo",
              "path": "/nix/store/jgam64mpj7bn1xa480bgwg6f1db8lc8d-kitty-0.42.2-terminfo"
            },
            {
              "name": "kitten",
              "path": "/nix/store/v0zhz997jhsrhixygk1aafiswzqnpqjy-kitty-0.42.2-kitten"
            },
            {
              "name": "shell_integration",
              "path": "/nix/store/8h9d101s75vshk4y9j9xrfs2mnrb21ya-kitty-0.42.2-shell_integration"
            }
          ],
          "store_path": "/nix/store/7iack9lh84bfwrb7i1a91vvf6fdwaj9a-kitty-0.42.2"
        },
        "x86_64-darwin": {
          "outputs": [
            {
              "name": "out",
              "path": "/nix/store/1awb84hd19b0sgfdvy0ssi476bq4aw93-kitty-0.42.2",
              "default": true
            },
            {
              "name": "shell_integration",
              "path": "/nix/store/v7mm5lhgkzk34zhvzk6z88yqh5028v9g-kitty-0.42.2-shell_integration"
            },
            {
              "name": "terminfo",
              "path": "/nix/store/98qdkv5yhlqf77bjq2rimf901jq3mp0c-kitty-0.42.2-terminfo"
            },
            {
              "name": "kitten",
              "path": "/nix/store/nj45k7g1c9qgbczqxbaa6shi19wx04yf-kitty-0.42.2-kitten"
            }
          ],
          "store_path": "/nix/store/1awb84hd19b0sgfdvy0ssi476bq4aw93-kitty-0.42.2"
        },
        "x86_64-linux": {
          "outputs": [
            {
              "name": "out",
              "path": "/nix/store/kv8an0gw2fmdazd2pkpr184vlhvbpgir-kitty-0.42.2",
              "default": true
            },
            {
              "name": "shell_integration",
              "path": "/nix/store/8zn4hz2dyxb6a6byzzxwiypd0py3nvkz-kitty-0.42.2-shell_integration"
            },
            {
              "name": "terminfo",
              "path": "/nix/store/8af5a31k69d8d9gsx1qygh3qnvp35bnx-kitty-0.42.2-terminfo"
            },
            {
              "name": "kitten",
              "path": "/nix/store/7842839ka00m18k13bvg4ny1i116313w-kitty-0.42.2-kitten"
            }
          ],
          "store_path": "/nix/store/kv8an0gw2fmdazd2pkpr184vlhvbpgir-kitty-0.42.2"
        }
      }
    },
    "lolcat@100.0.1": {
      "last_modified": "2025-05-16T20:19:48Z",
      "resolved": "github:NixOS/nixpkgs/12a55407652e04dcf2309436eb06fef0d3713ef3#lolcat",
      "source": "devbox-search",
      "version": "100.0.1",
      "systems": {
        "aarch64-darwin": {
          "outputs": [
            {
              "name": "out",
              "path": "/nix/store/n2wvlyl31rkn88802pzyn340d0flwrxd-lolcat-100.0.1",
              "default": true
            }
          ],
          "store_path": "/nix/store/n2wvlyl31rkn88802pzyn340d0flwrxd-lolcat-100.0.1"
        },
        "aarch64-linux": {
          "outputs": [
            {
              "name": "out",
              "path": "/nix/store/3l08qyakf3jyci5svifjjs99w1dfgix5-lolcat-100.0.1",
              "default": true
            }
          ],
          "store_path": "/nix/store/3l08qyakf3jyci5svifjjs99w1dfgix5-lolcat-100.0.1"
        },
        "x86_64-darwin": {
          "outputs": [
            {
              "name": "out",
              "path": "/nix/store/bwirmxslgk50b346xqdi9ik9bwc4vb5s-lolcat-100.0.1",
              "default": true
            }
          ],
          "store_path": "/nix/store/bwirmxslgk50b346xqdi9ik9bwc4vb5s-lolcat-100.0.1"
        },
        "x86_64-linux": {
          "outputs": [
            {
              "name": "out",
              "path": "/nix/store/ghn0wgfmrxj4djjbxkz7mp9808djrvg5-lolcat-100.0.1",
              "default": true
            }
          ],
          "store_path": "/nix/store/ghn0wgfmrxj4djjbxkz7mp9808djrvg5-lolcat-100.0.1"
        }
      }
    },
    "presenterm@0.15.1": {
      "last_modified": "2025-08-04T03:33:26Z",
      "resolved": "github:NixOS/nixpkgs/6a489c9482ca676ce23c0bcd7f2e1795383325fa#presenterm",
      "source": "devbox-search",
      "version": "0.15.1",
      "systems": {
        "aarch64-darwin": {
          "outputs": [
            {
              "name": "out",
              "path": "/nix/store/sx3mzfwgwwqbbkk44s1bn7i4kih6g6sq-presenterm-0.15.1",
              "default": true
            }
          ],
          "store_path": "/nix/store/sx3mzfwgwwqbbkk44s1bn7i4kih6g6sq-presenterm-0.15.1"
        },
        "aarch64-linux": {
          "outputs": [
            {
              "name": "out",
              "path": "/nix/store/k5wdahjzh2gqkv1v44qxfjmmam3jhfw3-presenterm-0.15.1",
              "default": true
            }
          ],
          "store_path": "/nix/store/k5wdahjzh2gqkv1v44qxfjmmam3jhfw3-presenterm-0.15.1"
        },
        "x86_64-darwin": {
          "outputs": [
            {
              "name": "out",
              "path": "/nix/store/fbs353wisnncdr81fwihlaca90is93q9-presenterm-0.15.1",
              "default": true
            }
          ],
          "store_path": "/nix/store/fbs353wisnncdr81fwihlaca90is93q9-presenterm-0.15.1"
        },
        "x86_64-linux": {
          "outputs": [
            {
              "name": "out",
              "path": "/nix/store/ijx7jhvykb9i4rz55fcyhvsfsakpw054-presenterm-0.15.1",
              "default": true
            }
          ],
          "store_path": "/nix/store/ijx7jhvykb9i4rz55fcyhvsfsakpw054-presenterm-0.15.1"
        }
      }
    },
    "python312Packages.presenterm-export@0.2.7": {
      "last_modified": "2025-06-01T15:36:18Z",
      "resolved": "github:NixOS/nixpkgs/5929de975bcf4c7c8d8b5ca65c8cd9ef9e44523e#python312Packages.presenterm-export",
      "source": "devbox-search",
      "version": "0.2.7",
      "systems": {
        "aarch64-darwin": {
          "outputs": [
            {
              "name": "out",
              "path": "/nix/store/44c5ajdgdarhg211xb0wvbzbfggzp3md-python3.12-presenterm-export-0.2.7",
              "default": true
            },
            {
              "name": "dist",
              "path": "/nix/store/wnz0644d5ix3g2l1l1rglj7j9q13a542-python3.12-presenterm-export-0.2.7-dist"
            }
          ],
          "store_path": "/nix/store/44c5ajdgdarhg211xb0wvbzbfggzp3md-python3.12-presenterm-export-0.2.7"
        },
        "aarch64-linux": {
          "outputs": [
            {
              "name": "out",
              "path": "/nix/store/vd9dx3cqk9c15fsrhxkbwcjkzgn8q8sp-python3.12-presenterm-export-0.2.7",
              "default": true
            },
            {
              "name": "dist",
              "path": "/nix/store/nif6l4j4qp0yglpzmqhnxlvam9zbshil-python3.12-presenterm-export-0.2.7-dist"
            }
          ],
          "store_path": "/nix/store/vd9dx3cqk9c15fsrhxkbwcjkzgn8q8sp-python3.12-presenterm-export-0.2.7"
        },
        "x86_64-darwin": {
          "outputs": [
            {
              "name": "out",
              "path": "/nix/store/gwz9a9mc7fqzk2vi096mmmyqj6dhvb1z-python3.12-presenterm-export-0.2.7",
              "default": true
            },
            {
              "name": "dist",
              "path": "/nix/store/cggw8rgci05k8ba7lqjsssxkcq0s5f48-python3.12-presenterm-export-0.2.7-dist"
            }
          ],
          "store_path": "/nix/store/gwz9a9mc7fqzk2vi096mmmyqj6dhvb1z-python3.12-presenterm-export-0.2.7"
        },
        "x86_64-linux": {
          "outputs": [
            {
              "name": "out",
              "path": "/nix/store/vhccv0n0w47qwyv099zc5rd0wkfa55bz-python3.12-presenterm-export-0.2.7",
              "default": true
            },
            {
              "name": "dist",
              "path": "/nix/store/2856s2lp95i0mfa3hvrqdsv8ilfaz4b5-python3.12-presenterm-export-0.2.7-dist"
            }
          ],
          "store_path": "/nix/store/vhccv0n0w47qwyv099zc5rd0wkfa55bz-python3.12-presenterm-export-0.2.7"
        }
      }
    },
    "qrencode@4.1.1": {
      "last_modified": "2025-06-10T02:39:58Z",
      "resolved": "github:NixOS/nixpkgs/cdc68935eba9f86d155585fdf6f17af6824f38ac#qrencode",
      "source": "devbox-search",
      "version": "4.1.1",
      "systems": {
        "aarch64-darwin": {
          "outputs": [
            {
              "name": "bin",
              "path": "/nix/store/mqzdmcj4mgf0rjaf3gqd24p44149nx3w-qrencode-4.1.1-bin",
              "default": true
            },
            {
              "name": "man",
              "path": "/nix/store/pgag2nmr043hx99sfha6xqrmli1c835l-qrencode-4.1.1-man",
              "default": true
            },
            {
              "name": "dev",
              "path": "/nix/store/clvaz28ic14hps0a1bicybqvkci4ilqy-qrencode-4.1.1-dev"
            },
            {
              "name": "out",
              "path": "/nix/store/i08vhr73ap0xs11fa22n1vslh64sh3iz-qrencode-4.1.1"
            }
          ],
          "store_path": "/nix/store/mqzdmcj4mgf0rjaf3gqd24p44149nx3w-qrencode-4.1.1-bin"
        },
        "aarch64-linux": {
          "outputs": [
            {
              "name": "bin",
              "path": "/nix/store/p7y0xavdyqqv29swidnr2ag39rmr6gdr-qrencode-4.1.1-bin",
              "default": true
            },
            {
              "name": "man",
              "path": "/nix/store/1b2clqk1s9jpqw5xp0cdf11k9asn304k-qrencode-4.1.1-man",
              "default": true
            },
            {
              "name": "out",
              "path": "/nix/store/8a8l593a1x3vbfdwbcz81wfysrih4m94-qrencode-4.1.1"
            },
            {
              "name": "dev",
              "path": "/nix/store/rq57dz8xhc479rgs88cncw5k0cpd1h0h-qrencode-4.1.1-dev"
            }
          ],
          "store_path": "/nix/store/p7y0xavdyqqv29swidnr2ag39rmr6gdr-qrencode-4.1.1-bin"
        },
        "x86_64-darwin": {
          "outputs": [
            {
              "name": "bin",
              "path": "/nix/store/7g5wn9gysh34z632q6d9395h3msarngw-qrencode-4.1.1-bin",
              "default": true
            },
            {
              "name": "man",
              "path": "/nix/store/jb81k3pxi07p1v5qg21bnz20jpqqwx3g-qrencode-4.1.1-man",
              "default": true
            },
            {
              "name": "dev",
              "path": "/nix/store/95cm9w2h512ilgrd7fagpas7slria857-qrencode-4.1.1-dev"
            },
            {
              "name": "out",
              "path": "/nix/store/8iqydpf6bw9d1k7m074ljnxvfk729j90-qrencode-4.1.1"
            }
          ],
          "store_path": "/nix/store/7g5wn9gysh34z632q6d9395h3msarngw-qrencode-4.1.1-bin"
        },
        "x86_64-linux": {
          "outputs": [
            {
              "name": "bin",
              "path": "/nix/store/9qx6w7fqxbdg1pmz5i5c0sc2k40rrmwv-qrencode-4.1.1-bin",
              "default": true
            },
            {
              "name": "man",
              "path": "/nix/store/h5shvkji1yb5rfc8alkrxl3achnlw3yy-qrencode-4.1.1-man",
              "default": true
            },
            {
              "name": "dev",
              "path": "/nix/store/r9zby9lmzacfyxgnfml6ykqh1vzs8hq0-qrencode-4.1.1-dev"
            },
            {
              "name": "out",
              "path": "/nix/store/1l2x502h3j9bkp2ln3axm9qp70ibg7a1-qrencode-4.1.1"
            }
          ],
          "store_path": "/nix/store/9qx6w7fqxbdg1pmz5i5c0sc2k40rrmwv-qrencode-4.1.1-bin"
        }
      }
    },
    "vault-bin@1.20.1": {
      "last_modified": "2025-08-09T03:53:37Z",
      "resolved": "github:NixOS/nixpkgs/00b574b1ba8a352f0601c4dde4faff4b534ebb1e#vault-bin",
      "source": "devbox-search",
      "version": "1.20.1",
      "systems": {
        "aarch64-darwin": {
          "outputs": [
            {
              "name": "out",
              "path": "/nix/store/78fgx7s1kps9qxnaqc9mmk5g0k05j333-vault-bin-1.20.1",
              "default": true
            }
          ],
          "store_path": "/nix/store/78fgx7s1kps9qxnaqc9mmk5g0k05j333-vault-bin-1.20.1"
        },
        "aarch64-linux": {
          "outputs": [
            {
              "name": "out",
              "path": "/nix/store/9hhyr0b9rjc20z5qv69lz58irgqkzw4l-vault-bin-1.20.1",
              "default": true
            }
          ],
          "store_path": "/nix/store/9hhyr0b9rjc20z5qv69lz58irgqkzw4l-vault-bin-1.20.1"
        },
        "x86_64-darwin": {
          "outputs": [
            {
              "name": "out",
              "path": "/nix/store/42yz3cp4f0l7mab5hw1qzxa395zdayd8-vault-bin-1.20.1",
              "default": true
            }
          ],
          "store_path": "/nix/store/42yz3cp4f0l7mab5hw1qzxa395zdayd8-vault-bin-1.20.1"
        },
        "x86_64-linux": {
          "outputs": [
            {
              "name": "out",
              "path": "/nix/store/ds34ks11f5mlkz7zw34nn120r8za1sb8-vault-bin-1.20.1",
              "default": true
            }
          ],
          "store_path": "/nix/store/ds34ks11f5mlkz7zw34nn120r8za1sb8-vault-bin-1.20.1"
        }
      }
    }
  }
}
