{
  "lockfile_version": "1",
  "packages": {
    "github:NixOS/nixpkgs/nixpkgs-unstable": {
      "last_modified": "2026-07-20T13:48:30Z",
      "resolved": "github:NixOS/nixpkgs/421eebfd0ec7bccd4abe826ce62d7e6e83129493?lastModified=1784555310&narHash=sha256-%2FFCliTPgiuV1owejZFNx3Ch9irdvkOfOFl%2BHHZ%2BDrtM%3D"
    },
    "kitty@0.47.4": {
      "last_modified": "2026-07-17T09:58:13Z",
      "resolved": "github:NixOS/nixpkgs/a47c123a609287a012dfc44d281de2dd4ed13394#kitty",
      "source": "devbox-search",
      "version": "0.47.4",
      "systems": {
        "aarch64-darwin": {
          "outputs": [
            {
              "name": "out",
              "path": "/nix/store/nl1gkfk481lxk46xbdf7sjaimal55vzs-kitty-0.47.4",
              "default": true
            },
            {
              "name": "shell_integration",
              "path": "/nix/store/f8d3cj0isjrs1yss61sgy7adpgids2si-kitty-0.47.4-shell_integration"
            },
            {
              "name": "terminfo",
              "path": "/nix/store/p77c5nsg4j4m7h40pc3mazbr90h3848p-kitty-0.47.4-terminfo"
            },
            {
              "name": "kitten",
              "path": "/nix/store/klhxih85pz81m5kvnn492lib291hy673-kitty-0.47.4-kitten"
            }
          ],
          "store_path": "/nix/store/nl1gkfk481lxk46xbdf7sjaimal55vzs-kitty-0.47.4"
        },
        "aarch64-linux": {
          "outputs": [
            {
              "name": "out",
              "path": "/nix/store/bw1cb0pf3laks7brvblc1388pjh1q0i2-kitty-0.47.4",
              "default": true
            },
            {
              "name": "kitten",
              "path": "/nix/store/p27chw07fm9pdhqlg87jjq5b81f79sj6-kitty-0.47.4-kitten"
            },
            {
              "name": "shell_integration",
              "path": "/nix/store/avllk0x3q8zcr2wnfwwq66k1v7kw4awv-kitty-0.47.4-shell_integration"
            },
            {
              "name": "terminfo",
              "path": "/nix/store/djjk0lshvbn8x39qq5mh3jljpmlgxmh2-kitty-0.47.4-terminfo"
            }
          ],
          "store_path": "/nix/store/bw1cb0pf3laks7brvblc1388pjh1q0i2-kitty-0.47.4"
        },
        "x86_64-darwin": {
          "outputs": [
            {
              "name": "out",
              "path": "/nix/store/aww9395by3bvxsp4nfb24l4myf3p8fi2-kitty-0.47.4",
              "default": true
            },
            {
              "name": "kitten",
              "path": "/nix/store/f4rgahimpq0s5cvfw03prn5zy8wxzvw0-kitty-0.47.4-kitten"
            },
            {
              "name": "shell_integration",
              "path": "/nix/store/jndb8r8d539cx62xrahsmk1mg2d2ccw0-kitty-0.47.4-shell_integration"
            },
            {
              "name": "terminfo",
              "path": "/nix/store/4j4ny22hbfinnmrs82amw5i36g8b4mhk-kitty-0.47.4-terminfo"
            }
          ],
          "store_path": "/nix/store/aww9395by3bvxsp4nfb24l4myf3p8fi2-kitty-0.47.4"
        },
        "x86_64-linux": {
          "outputs": [
            {
              "name": "out",
              "path": "/nix/store/3pmnlzvf5a8klrdsqpy1s067kpgdhdny-kitty-0.47.4",
              "default": true
            },
            {
              "name": "shell_integration",
              "path": "/nix/store/2x53as8x64cqnsc2p95syjs0q4j3n39v-kitty-0.47.4-shell_integration"
            },
            {
              "name": "terminfo",
              "path": "/nix/store/gq9w4d8ima2cvgnq4msyrzkl8mh74kw6-kitty-0.47.4-terminfo"
            },
            {
              "name": "kitten",
              "path": "/nix/store/n9c415y3n4h4zjginn6d5b40514wkzvv-kitty-0.47.4-kitten"
            }
          ],
          "store_path": "/nix/store/3pmnlzvf5a8klrdsqpy1s067kpgdhdny-kitty-0.47.4"
        }
      }
    },
    "lolcat@100.0.1": {
      "last_modified": "2026-07-08T21:13:06Z",
      "resolved": "github:NixOS/nixpkgs/389ed85304b281ca7f306cf8a1eb4378651ca44e#lolcat",
      "source": "devbox-search",
      "version": "100.0.1",
      "systems": {
        "aarch64-darwin": {
          "outputs": [
            {
              "name": "out",
              "path": "/nix/store/msvw6vdvfcqbjmj39a0fmw2hfhmymq0c-lolcat-100.0.1",
              "default": true
            }
          ],
          "store_path": "/nix/store/msvw6vdvfcqbjmj39a0fmw2hfhmymq0c-lolcat-100.0.1"
        },
        "aarch64-linux": {
          "outputs": [
            {
              "name": "out",
              "path": "/nix/store/pv1qzpjwc92bmkk7dyhkbmfx7z3zidb0-lolcat-100.0.1",
              "default": true
            }
          ],
          "store_path": "/nix/store/pv1qzpjwc92bmkk7dyhkbmfx7z3zidb0-lolcat-100.0.1"
        },
        "x86_64-darwin": {
          "outputs": [
            {
              "name": "out",
              "path": "/nix/store/54hhdvilmqvpznqzhzbhz1cc4br0mkxg-lolcat-100.0.1",
              "default": true
            }
          ],
          "store_path": "/nix/store/54hhdvilmqvpznqzhzbhz1cc4br0mkxg-lolcat-100.0.1"
        },
        "x86_64-linux": {
          "outputs": [
            {
              "name": "out",
              "path": "/nix/store/ad2zbxygk92pps0mbvvx4k6kzcdj1720-lolcat-100.0.1",
              "default": true
            }
          ],
          "store_path": "/nix/store/ad2zbxygk92pps0mbvvx4k6kzcdj1720-lolcat-100.0.1"
        }
      }
    },
    "presenterm@0.16.1": {
      "last_modified": "2026-07-08T21:13:06Z",
      "resolved": "github:NixOS/nixpkgs/389ed85304b281ca7f306cf8a1eb4378651ca44e#presenterm",
      "source": "devbox-search",
      "version": "0.16.1",
      "systems": {
        "aarch64-darwin": {
          "outputs": [
            {
              "name": "out",
              "path": "/nix/store/mvvh10cqybkkqh5yr24yzbnix069jha4-presenterm-0.16.1",
              "default": true
            }
          ],
          "store_path": "/nix/store/mvvh10cqybkkqh5yr24yzbnix069jha4-presenterm-0.16.1"
        },
        "aarch64-linux": {
          "outputs": [
            {
              "name": "out",
              "path": "/nix/store/i03l879zvsmkwx1lixnhs2pcdkqbawz4-presenterm-0.16.1",
              "default": true
            }
          ],
          "store_path": "/nix/store/i03l879zvsmkwx1lixnhs2pcdkqbawz4-presenterm-0.16.1"
        },
        "x86_64-darwin": {
          "outputs": [
            {
              "name": "out",
              "path": "/nix/store/kzkk6gywcwhghrdz0kyp7l7r4ijyangw-presenterm-0.16.1",
              "default": true
            }
          ],
          "store_path": "/nix/store/kzkk6gywcwhghrdz0kyp7l7r4ijyangw-presenterm-0.16.1"
        },
        "x86_64-linux": {
          "outputs": [
            {
              "name": "out",
              "path": "/nix/store/wqyw8jj28cgwwacj9nrvdfdnm37bqalf-presenterm-0.16.1",
              "default": true
            }
          ],
          "store_path": "/nix/store/wqyw8jj28cgwwacj9nrvdfdnm37bqalf-presenterm-0.16.1"
        }
      }
    },
    "python312Packages.presenterm-export@0.2.7": {
      "last_modified": "2025-12-26T02:09:19Z",
      "resolved": "github:NixOS/nixpkgs/8970f698c39f490df47e4cbb7beae7869ddf1978#python312Packages.presenterm-export",
      "source": "devbox-search",
      "version": "0.2.7",
      "systems": {
        "aarch64-darwin": {
          "outputs": [
            {
              "name": "out",
              "path": "/nix/store/32xchz8acabkzkj76aqc94cdif4jspqs-python3.12-presenterm-export-0.2.7",
              "default": true
            },
            {
              "name": "dist",
              "path": "/nix/store/ldzc09bknyhiq72cbwdw94fms39k6mfh-python3.12-presenterm-export-0.2.7-dist"
            }
          ],
          "store_path": "/nix/store/32xchz8acabkzkj76aqc94cdif4jspqs-python3.12-presenterm-export-0.2.7"
        },
        "aarch64-linux": {
          "outputs": [
            {
              "name": "out",
              "path": "/nix/store/99y8011qfan2d3wpl9ymcszs8rnxjg3k-python3.12-presenterm-export-0.2.7",
              "default": true
            },
            {
              "name": "dist",
              "path": "/nix/store/0wc2vjc5dix76gdw7wns75wky9lhyxxn-python3.12-presenterm-export-0.2.7-dist"
            }
          ],
          "store_path": "/nix/store/99y8011qfan2d3wpl9ymcszs8rnxjg3k-python3.12-presenterm-export-0.2.7"
        },
        "x86_64-darwin": {
          "outputs": [
            {
              "name": "out",
              "path": "/nix/store/0vx44ir44iv4vsvhja35v8w883mslpr2-python3.12-presenterm-export-0.2.7",
              "default": true
            },
            {
              "name": "dist",
              "path": "/nix/store/vfrkaxa51za4nqhps4nfbhfs6fy414f8-python3.12-presenterm-export-0.2.7-dist"
            }
          ],
          "store_path": "/nix/store/0vx44ir44iv4vsvhja35v8w883mslpr2-python3.12-presenterm-export-0.2.7"
        },
        "x86_64-linux": {
          "outputs": [
            {
              "name": "out",
              "path": "/nix/store/c6inci641jz8kwhmmrg0w8h9hqj67r1h-python3.12-presenterm-export-0.2.7",
              "default": true
            },
            {
              "name": "dist",
              "path": "/nix/store/54f07kq3ql5scif4yrwryl8d9l3ymnim-python3.12-presenterm-export-0.2.7-dist"
            }
          ],
          "store_path": "/nix/store/c6inci641jz8kwhmmrg0w8h9hqj67r1h-python3.12-presenterm-export-0.2.7"
        }
      }
    },
    "qrencode@4.1.1": {
      "last_modified": "2026-07-13T16:51:43Z",
      "resolved": "github:NixOS/nixpkgs/8431ff8a526bba781b711db7ae58ad0e49c38e35#qrencode",
      "source": "devbox-search",
      "version": "4.1.1",
      "systems": {
        "aarch64-darwin": {
          "outputs": [
            {
              "name": "bin",
              "path": "/nix/store/crqd14djwawms2kzas555dcqgcwivmrn-qrencode-4.1.1-bin",
              "default": true
            },
            {
              "name": "man",
              "path": "/nix/store/7drpspb6kx8l9r3lvfs8sqamf8svddpx-qrencode-4.1.1-man",
              "default": true
            },
            {
              "name": "out",
              "path": "/nix/store/bw142zyzg192gvbb8i0d89lyzdiqlvkp-qrencode-4.1.1"
            },
            {
              "name": "dev",
              "path": "/nix/store/mm6sixkylchn4jl872xzb1ivp00dbcgc-qrencode-4.1.1-dev"
            }
          ],
          "store_path": "/nix/store/crqd14djwawms2kzas555dcqgcwivmrn-qrencode-4.1.1-bin"
        },
        "aarch64-linux": {
          "outputs": [
            {
              "name": "bin",
              "path": "/nix/store/sfqynacsk52qy8zmbl46pybrwj4vf9zg-qrencode-4.1.1-bin",
              "default": true
            },
            {
              "name": "man",
              "path": "/nix/store/dy1qigd4l9kd67a2ih2wx7ws337qwg6d-qrencode-4.1.1-man",
              "default": true
            },
            {
              "name": "out",
              "path": "/nix/store/ag6p5rsjnlfvs00kwalkc6qx4qybifi8-qrencode-4.1.1"
            },
            {
              "name": "dev",
              "path": "/nix/store/jmwc3g326515k9f5qlhjsq49zyrd8dm9-qrencode-4.1.1-dev"
            }
          ],
          "store_path": "/nix/store/sfqynacsk52qy8zmbl46pybrwj4vf9zg-qrencode-4.1.1-bin"
        },
        "x86_64-darwin": {
          "outputs": [
            {
              "name": "bin",
              "path": "/nix/store/irpryqzb46z8nfrzrm8vvaf7cwycajin-qrencode-4.1.1-bin",
              "default": true
            },
            {
              "name": "man",
              "path": "/nix/store/isih4g6vmvk5pxfy37nyz03hiwakzflb-qrencode-4.1.1-man",
              "default": true
            },
            {
              "name": "dev",
              "path": "/nix/store/anwigvmwwm6g01cy8hhxj76l6f9fqhal-qrencode-4.1.1-dev"
            },
            {
              "name": "out",
              "path": "/nix/store/0ssjz4x4akh0czk5qdiimbbd65immd2x-qrencode-4.1.1"
            }
          ],
          "store_path": "/nix/store/irpryqzb46z8nfrzrm8vvaf7cwycajin-qrencode-4.1.1-bin"
        },
        "x86_64-linux": {
          "outputs": [
            {
              "name": "bin",
              "path": "/nix/store/xsjd12r67ga1d8mqazcf7q3wpp93dmy7-qrencode-4.1.1-bin",
              "default": true
            },
            {
              "name": "man",
              "path": "/nix/store/ww7hz9s0q4dkb05fyhly4z44kfb7ryqz-qrencode-4.1.1-man",
              "default": true
            },
            {
              "name": "dev",
              "path": "/nix/store/k68di0fi66yrbbq3nzz1y3rirwwbf916-qrencode-4.1.1-dev"
            },
            {
              "name": "out",
              "path": "/nix/store/hlh0l88m7sqv1gdhnc4b6lbv2saij54p-qrencode-4.1.1"
            }
          ],
          "store_path": "/nix/store/xsjd12r67ga1d8mqazcf7q3wpp93dmy7-qrencode-4.1.1-bin"
        }
      }
    },
    "vault-bin@2.0.3": {
      "last_modified": "2026-07-15T11:37:32Z",
      "resolved": "github:NixOS/nixpkgs/35d3407a3816f3b341d8cf1d60abaf2b7b8166ac#vault-bin",
      "source": "devbox-search",
      "version": "2.0.3",
      "systems": {
        "aarch64-darwin": {
          "outputs": [
            {
              "name": "out",
              "path": "/nix/store/7s2cv3qzv0kwvnrpwiaaz0818hbrqhzy-vault-bin-2.0.3",
              "default": true
            }
          ],
          "store_path": "/nix/store/7s2cv3qzv0kwvnrpwiaaz0818hbrqhzy-vault-bin-2.0.3"
        },
        "aarch64-linux": {
          "outputs": [
            {
              "name": "out",
              "path": "/nix/store/ylfc3l77p95w7ighhib03s50axg7ikl0-vault-bin-2.0.3",
              "default": true
            }
          ],
          "store_path": "/nix/store/ylfc3l77p95w7ighhib03s50axg7ikl0-vault-bin-2.0.3"
        },
        "x86_64-darwin": {
          "outputs": [
            {
              "name": "out",
              "path": "/nix/store/2aiwv2840z24a64hymx1gy8x9y3hrf16-vault-bin-2.0.3",
              "default": true
            }
          ],
          "store_path": "/nix/store/2aiwv2840z24a64hymx1gy8x9y3hrf16-vault-bin-2.0.3"
        },
        "x86_64-linux": {
          "outputs": [
            {
              "name": "out",
              "path": "/nix/store/pwwb9jjag9ay7c4kpjx0fg72aim74xfa-vault-bin-2.0.3",
              "default": true
            }
          ],
          "store_path": "/nix/store/pwwb9jjag9ay7c4kpjx0fg72aim74xfa-vault-bin-2.0.3"
        }
      }
    }
  }
}
