{
  "lockfile_version": "1",
  "packages": {
    "github:NixOS/nixpkgs/nixpkgs-unstable": {
      "last_modified": "2026-03-11T12:14:37Z",
      "resolved": "github:NixOS/nixpkgs/75690239f08f885ca9b0267580101f60d10fbe62?lastModified=1773231277&narHash=sha256-Xy3WEpUAbpsz8ydgvVAQAGGB%2FWB%2B8cNA5cshiL0McTI%3D"
    },
    "kitty@0.45.0": {
      "last_modified": "2026-03-05T18:52:33Z",
      "resolved": "github:NixOS/nixpkgs/917fec990948658ef1ccd07cef2a1ef060786846#kitty",
      "source": "devbox-search",
      "version": "0.45.0",
      "systems": {
        "aarch64-darwin": {
          "outputs": [
            {
              "name": "out",
              "path": "/nix/store/92r5r7a0lq23al79rxb72ag3iqx25rkm-kitty-0.45.0",
              "default": true
            },
            {
              "name": "shell_integration",
              "path": "/nix/store/bl70ys5fl8p3gjy1slx6nkxr6p161nds-kitty-0.45.0-shell_integration"
            },
            {
              "name": "terminfo",
              "path": "/nix/store/nxnvm6zd49dgir3azlr0c6qy5dxanrxi-kitty-0.45.0-terminfo"
            },
            {
              "name": "kitten",
              "path": "/nix/store/saf55r2xw80qnksv1hm8xssxcjcnk1vn-kitty-0.45.0-kitten"
            }
          ],
          "store_path": "/nix/store/92r5r7a0lq23al79rxb72ag3iqx25rkm-kitty-0.45.0"
        },
        "aarch64-linux": {
          "outputs": [
            {
              "name": "out",
              "path": "/nix/store/s051kkjnc220vp3l1ybyjzknjwgikibf-kitty-0.45.0",
              "default": true
            },
            {
              "name": "kitten",
              "path": "/nix/store/j3cryslaiysnnqq546bmd9fq3di9bayb-kitty-0.45.0-kitten"
            },
            {
              "name": "shell_integration",
              "path": "/nix/store/da8h3dwbs0yp4r0imph429r0jlj1w3q8-kitty-0.45.0-shell_integration"
            },
            {
              "name": "terminfo",
              "path": "/nix/store/ksbbldiqvf5jy4mrx3nbphyq9yd4ahvx-kitty-0.45.0-terminfo"
            }
          ],
          "store_path": "/nix/store/s051kkjnc220vp3l1ybyjzknjwgikibf-kitty-0.45.0"
        },
        "x86_64-darwin": {
          "outputs": [
            {
              "name": "out",
              "path": "/nix/store/0lxdbs1ra5265mhzlhsxy6zsvg6kxxgh-kitty-0.45.0",
              "default": true
            },
            {
              "name": "kitten",
              "path": "/nix/store/024ixv0s4537jj1rbcfnvh11pf6jg9l0-kitty-0.45.0-kitten"
            },
            {
              "name": "shell_integration",
              "path": "/nix/store/rhycdyx5lmqccdxg994mbahwb88wcpp8-kitty-0.45.0-shell_integration"
            },
            {
              "name": "terminfo",
              "path": "/nix/store/pvs7slbb3w367gi47l6cbnhdc6hpc83a-kitty-0.45.0-terminfo"
            }
          ],
          "store_path": "/nix/store/0lxdbs1ra5265mhzlhsxy6zsvg6kxxgh-kitty-0.45.0"
        },
        "x86_64-linux": {
          "outputs": [
            {
              "name": "out",
              "path": "/nix/store/7pjcjlyx7iafpgi606rczchcl980xdn6-kitty-0.45.0",
              "default": true
            },
            {
              "name": "kitten",
              "path": "/nix/store/3bnplqi97bh6803qfwqsgldwm94sknvm-kitty-0.45.0-kitten"
            },
            {
              "name": "shell_integration",
              "path": "/nix/store/93bin26wqsikvk605vjk2l6049kd2ph6-kitty-0.45.0-shell_integration"
            },
            {
              "name": "terminfo",
              "path": "/nix/store/ldz3850s8bvx5ddl2gcyrabqkl5xa46w-kitty-0.45.0-terminfo"
            }
          ],
          "store_path": "/nix/store/7pjcjlyx7iafpgi606rczchcl980xdn6-kitty-0.45.0"
        }
      }
    },
    "lolcat@100.0.1": {
      "last_modified": "2026-03-02T11:03:52Z",
      "resolved": "github:NixOS/nixpkgs/dc7513872406b53d2ff417a003895d6daffdff2f#lolcat",
      "source": "devbox-search",
      "version": "100.0.1",
      "systems": {
        "aarch64-darwin": {
          "outputs": [
            {
              "name": "out",
              "path": "/nix/store/77wamskpv10r2ig2y5lzaybzgnrlb28x-lolcat-100.0.1",
              "default": true
            }
          ],
          "store_path": "/nix/store/77wamskpv10r2ig2y5lzaybzgnrlb28x-lolcat-100.0.1"
        },
        "aarch64-linux": {
          "outputs": [
            {
              "name": "out",
              "path": "/nix/store/v3gjcgfm6snl1x2ivqshnvz44677cxq0-lolcat-100.0.1",
              "default": true
            }
          ],
          "store_path": "/nix/store/v3gjcgfm6snl1x2ivqshnvz44677cxq0-lolcat-100.0.1"
        },
        "x86_64-darwin": {
          "outputs": [
            {
              "name": "out",
              "path": "/nix/store/g7cy3xpkzdn67chxw6bgbja7105ys2gc-lolcat-100.0.1",
              "default": true
            }
          ],
          "store_path": "/nix/store/g7cy3xpkzdn67chxw6bgbja7105ys2gc-lolcat-100.0.1"
        },
        "x86_64-linux": {
          "outputs": [
            {
              "name": "out",
              "path": "/nix/store/bk29nfmnilq1snyimqx15z9j4ay5991h-lolcat-100.0.1",
              "default": true
            }
          ],
          "store_path": "/nix/store/bk29nfmnilq1snyimqx15z9j4ay5991h-lolcat-100.0.1"
        }
      }
    },
    "presenterm@0.16.1": {
      "last_modified": "2026-02-23T15:40:43Z",
      "resolved": "github:NixOS/nixpkgs/80d901ec0377e19ac3f7bb8c035201e2e098cc97#presenterm",
      "source": "devbox-search",
      "version": "0.16.1",
      "systems": {
        "aarch64-darwin": {
          "outputs": [
            {
              "name": "out",
              "path": "/nix/store/c27fw668g6jlvsdbidr1pl409clyavap-presenterm-0.16.1",
              "default": true
            }
          ],
          "store_path": "/nix/store/c27fw668g6jlvsdbidr1pl409clyavap-presenterm-0.16.1"
        },
        "aarch64-linux": {
          "outputs": [
            {
              "name": "out",
              "path": "/nix/store/m3jx6sni6r06hb62dfrym4hg4g8bffrq-presenterm-0.16.1",
              "default": true
            }
          ],
          "store_path": "/nix/store/m3jx6sni6r06hb62dfrym4hg4g8bffrq-presenterm-0.16.1"
        },
        "x86_64-darwin": {
          "outputs": [
            {
              "name": "out",
              "path": "/nix/store/gvva958xj5h8h4yjgr6wd6r8y59fwpky-presenterm-0.16.1",
              "default": true
            }
          ],
          "store_path": "/nix/store/gvva958xj5h8h4yjgr6wd6r8y59fwpky-presenterm-0.16.1"
        },
        "x86_64-linux": {
          "outputs": [
            {
              "name": "out",
              "path": "/nix/store/006fq685wc2zmxnz1v0qfg8ixlzn65mz-presenterm-0.16.1",
              "default": true
            }
          ],
          "store_path": "/nix/store/006fq685wc2zmxnz1v0qfg8ixlzn65mz-presenterm-0.16.1"
        }
      }
    },
    "python312Packages.presenterm-export@0.2.7": {
      "last_modified": "2025-12-26T02:09:19Z",
      "resolved": "github:NixOS/nixpkgs/8970f698c39f490df47e4cbb7beae7869ddf1978#python312Packages.presenterm-export",
      "source": "devbox-search",
      "version": "0.2.7",
      "systems": {
        "aarch64-darwin": {
          "outputs": [
            {
              "name": "out",
              "path": "/nix/store/32xchz8acabkzkj76aqc94cdif4jspqs-python3.12-presenterm-export-0.2.7",
              "default": true
            },
            {
              "name": "dist",
              "path": "/nix/store/ldzc09bknyhiq72cbwdw94fms39k6mfh-python3.12-presenterm-export-0.2.7-dist"
            }
          ],
          "store_path": "/nix/store/32xchz8acabkzkj76aqc94cdif4jspqs-python3.12-presenterm-export-0.2.7"
        },
        "aarch64-linux": {
          "outputs": [
            {
              "name": "out",
              "path": "/nix/store/99y8011qfan2d3wpl9ymcszs8rnxjg3k-python3.12-presenterm-export-0.2.7",
              "default": true
            },
            {
              "name": "dist",
              "path": "/nix/store/0wc2vjc5dix76gdw7wns75wky9lhyxxn-python3.12-presenterm-export-0.2.7-dist"
            }
          ],
          "store_path": "/nix/store/99y8011qfan2d3wpl9ymcszs8rnxjg3k-python3.12-presenterm-export-0.2.7"
        },
        "x86_64-darwin": {
          "outputs": [
            {
              "name": "out",
              "path": "/nix/store/0vx44ir44iv4vsvhja35v8w883mslpr2-python3.12-presenterm-export-0.2.7",
              "default": true
            },
            {
              "name": "dist",
              "path": "/nix/store/vfrkaxa51za4nqhps4nfbhfs6fy414f8-python3.12-presenterm-export-0.2.7-dist"
            }
          ],
          "store_path": "/nix/store/0vx44ir44iv4vsvhja35v8w883mslpr2-python3.12-presenterm-export-0.2.7"
        },
        "x86_64-linux": {
          "outputs": [
            {
              "name": "out",
              "path": "/nix/store/c6inci641jz8kwhmmrg0w8h9hqj67r1h-python3.12-presenterm-export-0.2.7",
              "default": true
            },
            {
              "name": "dist",
              "path": "/nix/store/54f07kq3ql5scif4yrwryl8d9l3ymnim-python3.12-presenterm-export-0.2.7-dist"
            }
          ],
          "store_path": "/nix/store/c6inci641jz8kwhmmrg0w8h9hqj67r1h-python3.12-presenterm-export-0.2.7"
        }
      }
    },
    "qrencode@4.1.1": {
      "last_modified": "2026-03-05T18:52:33Z",
      "resolved": "github:NixOS/nixpkgs/917fec990948658ef1ccd07cef2a1ef060786846#qrencode",
      "source": "devbox-search",
      "version": "4.1.1",
      "systems": {
        "aarch64-darwin": {
          "outputs": [
            {
              "name": "bin",
              "path": "/nix/store/0xlqy7szjc9vmx6pcsc8ry9fhs6dban3-qrencode-4.1.1-bin",
              "default": true
            },
            {
              "name": "man",
              "path": "/nix/store/4g69vx0qwm7sxa2dg213lma9xg3j1x1n-qrencode-4.1.1-man",
              "default": true
            },
            {
              "name": "dev",
              "path": "/nix/store/kjpq5iradf7hc458pzrycirxnd9sxgd5-qrencode-4.1.1-dev"
            },
            {
              "name": "out",
              "path": "/nix/store/1frb04kfjd20zdzh8k9di5kx3qd51mil-qrencode-4.1.1"
            }
          ],
          "store_path": "/nix/store/0xlqy7szjc9vmx6pcsc8ry9fhs6dban3-qrencode-4.1.1-bin"
        },
        "aarch64-linux": {
          "outputs": [
            {
              "name": "bin",
              "path": "/nix/store/c13r78in9hcsf17qb1pfw13wssmhyp82-qrencode-4.1.1-bin",
              "default": true
            },
            {
              "name": "man",
              "path": "/nix/store/v983wrhn8skqjv2mqmykih9hlf4wrrkx-qrencode-4.1.1-man",
              "default": true
            },
            {
              "name": "dev",
              "path": "/nix/store/n3j46547mrr561blilrsv5d5kvxda1kx-qrencode-4.1.1-dev"
            },
            {
              "name": "out",
              "path": "/nix/store/lmas5gbd6j4dmh4n6mawnlz2k1kfw73f-qrencode-4.1.1"
            }
          ],
          "store_path": "/nix/store/c13r78in9hcsf17qb1pfw13wssmhyp82-qrencode-4.1.1-bin"
        },
        "x86_64-darwin": {
          "outputs": [
            {
              "name": "bin",
              "path": "/nix/store/hdc2v3l0530wwn44ab4m51w48vkxnbil-qrencode-4.1.1-bin",
              "default": true
            },
            {
              "name": "man",
              "path": "/nix/store/k7c5qsgh9wb7n7kz2cph6vqxcx5j0j1j-qrencode-4.1.1-man",
              "default": true
            },
            {
              "name": "dev",
              "path": "/nix/store/3lq3f6cjcn1ga84amfk7y8ppr2m6hqbk-qrencode-4.1.1-dev"
            },
            {
              "name": "out",
              "path": "/nix/store/kgdh3pnbmwk6fqm98q0l4hqhbxn65yb8-qrencode-4.1.1"
            }
          ],
          "store_path": "/nix/store/hdc2v3l0530wwn44ab4m51w48vkxnbil-qrencode-4.1.1-bin"
        },
        "x86_64-linux": {
          "outputs": [
            {
              "name": "bin",
              "path": "/nix/store/ksbilijg4kkxl1fj195pd7gzy81ddvhn-qrencode-4.1.1-bin",
              "default": true
            },
            {
              "name": "man",
              "path": "/nix/store/hl56hpzb4bsamanakxg38vymlg92iiy3-qrencode-4.1.1-man",
              "default": true
            },
            {
              "name": "out",
              "path": "/nix/store/6jhkbzlns5rs1vjgdy9vk4vz6vbggzjg-qrencode-4.1.1"
            },
            {
              "name": "dev",
              "path": "/nix/store/gxb1xzxc9yyb896wc2h7b2159wmczf7m-qrencode-4.1.1-dev"
            }
          ],
          "store_path": "/nix/store/ksbilijg4kkxl1fj195pd7gzy81ddvhn-qrencode-4.1.1-bin"
        }
      }
    },
    "vault-bin@1.21.2": {
      "last_modified": "2026-02-23T15:40:43Z",
      "resolved": "github:NixOS/nixpkgs/80d901ec0377e19ac3f7bb8c035201e2e098cc97#vault-bin",
      "source": "devbox-search",
      "version": "1.21.2",
      "systems": {
        "aarch64-darwin": {
          "outputs": [
            {
              "name": "out",
              "path": "/nix/store/579q05mlv2dn3gnld39f9c3hmspzfz4j-vault-bin-1.21.2",
              "default": true
            }
          ],
          "store_path": "/nix/store/579q05mlv2dn3gnld39f9c3hmspzfz4j-vault-bin-1.21.2"
        },
        "aarch64-linux": {
          "outputs": [
            {
              "name": "out",
              "path": "/nix/store/wfpr3fvnk6biddqv77smcgc2mhw9zn2b-vault-bin-1.21.2",
              "default": true
            }
          ],
          "store_path": "/nix/store/wfpr3fvnk6biddqv77smcgc2mhw9zn2b-vault-bin-1.21.2"
        },
        "x86_64-darwin": {
          "outputs": [
            {
              "name": "out",
              "path": "/nix/store/nw7456kg5hjqvw10dk0ma1y6s9abhwa9-vault-bin-1.21.2",
              "default": true
            }
          ],
          "store_path": "/nix/store/nw7456kg5hjqvw10dk0ma1y6s9abhwa9-vault-bin-1.21.2"
        },
        "x86_64-linux": {
          "outputs": [
            {
              "name": "out",
              "path": "/nix/store/s0sbzrl0fxh5w86p5sgx3g6d5qnwydy4-vault-bin-1.21.2",
              "default": true
            }
          ],
          "store_path": "/nix/store/s0sbzrl0fxh5w86p5sgx3g6d5qnwydy4-vault-bin-1.21.2"
        }
      }
    }
  }
}
