{
  "lockfile_version": "1",
  "packages": {
    "github:NixOS/nixpkgs/nixpkgs-unstable": {
      "resolved": "github:NixOS/nixpkgs/12a55407652e04dcf2309436eb06fef0d3713ef3?lastModified=1747426788&narHash=sha256-N4cp0asTsJCnRMFZ%2Fk19V9akkxb7J%2FopG%2BK%2BjU57JGc%3D"
    },
    "miniserve@0.32.0": {
      "last_modified": "2025-09-18T16:33:27Z",
      "resolved": "github:NixOS/nixpkgs/f4b140d5b253f5e2a1ff4e5506edbf8267724bde#miniserve",
      "source": "devbox-search",
      "version": "0.32.0",
      "systems": {
        "aarch64-darwin": {
          "outputs": [
            {
              "name": "out",
              "path": "/nix/store/qws7sv4b3kcbn89xrf6wprl762z4j6yj-miniserve-0.32.0",
              "default": true
            }
          ],
          "store_path": "/nix/store/qws7sv4b3kcbn89xrf6wprl762z4j6yj-miniserve-0.32.0"
        },
        "aarch64-linux": {
          "outputs": [
            {
              "name": "out",
              "path": "/nix/store/qxz1dqza0agk6hg3ifkx1yg0y94qy7ks-miniserve-0.32.0",
              "default": true
            }
          ],
          "store_path": "/nix/store/qxz1dqza0agk6hg3ifkx1yg0y94qy7ks-miniserve-0.32.0"
        },
        "x86_64-darwin": {
          "outputs": [
            {
              "name": "out",
              "path": "/nix/store/4p1fqw4jrdq8yf839b1981dszjrymrpm-miniserve-0.32.0",
              "default": true
            }
          ],
          "store_path": "/nix/store/4p1fqw4jrdq8yf839b1981dszjrymrpm-miniserve-0.32.0"
        },
        "x86_64-linux": {
          "outputs": [
            {
              "name": "out",
              "path": "/nix/store/5wbmbhwi8cj1abmqd6xi740g6gc03hqh-miniserve-0.32.0",
              "default": true
            }
          ],
          "store_path": "/nix/store/5wbmbhwi8cj1abmqd6xi740g6gc03hqh-miniserve-0.32.0"
        }
      }
    },
    "pandoc-imagine@0.1.7": {
      "last_modified": "2025-10-07T08:41:47Z",
      "resolved": "github:NixOS/nixpkgs/bce5fe2bb998488d8e7e7856315f90496723793c#pandoc-imagine",
      "source": "devbox-search",
      "version": "0.1.7",
      "systems": {
        "aarch64-darwin": {
          "outputs": [
            {
              "name": "out",
              "path": "/nix/store/vgfj13174jzbjni1gbcrqxg9vkd59lp1-pandoc-imagine-0.1.7",
              "default": true
            },
            {
              "name": "dist",
              "path": "/nix/store/ffvlk1dvz2jycxssfhlgz5pg7jrdbaq6-pandoc-imagine-0.1.7-dist"
            }
          ],
          "store_path": "/nix/store/vgfj13174jzbjni1gbcrqxg9vkd59lp1-pandoc-imagine-0.1.7"
        },
        "aarch64-linux": {
          "outputs": [
            {
              "name": "out",
              "path": "/nix/store/xqiqbag3axrhv12k3xmsa9sjd3xc7fgb-pandoc-imagine-0.1.7",
              "default": true
            },
            {
              "name": "dist",
              "path": "/nix/store/lgq6nyf1x9x4xjwkrshh2hxp7lkg5aj9-pandoc-imagine-0.1.7-dist"
            }
          ],
          "store_path": "/nix/store/xqiqbag3axrhv12k3xmsa9sjd3xc7fgb-pandoc-imagine-0.1.7"
        },
        "x86_64-darwin": {
          "outputs": [
            {
              "name": "out",
              "path": "/nix/store/gvjbk05hpqcc0flkk5hj4bpi819z9x5n-pandoc-imagine-0.1.7",
              "default": true
            },
            {
              "name": "dist",
              "path": "/nix/store/7h3gqrd14z6a6kx3b8d440i5w4yib47a-pandoc-imagine-0.1.7-dist"
            }
          ],
          "store_path": "/nix/store/gvjbk05hpqcc0flkk5hj4bpi819z9x5n-pandoc-imagine-0.1.7"
        },
        "x86_64-linux": {
          "outputs": [
            {
              "name": "out",
              "path": "/nix/store/y7b0dyh84xc62npbjgbkld6db37q6qsp-pandoc-imagine-0.1.7",
              "default": true
            },
            {
              "name": "dist",
              "path": "/nix/store/k8hkjr0ykw5pkcfhs2vbs1krvbpwdb3s-pandoc-imagine-0.1.7-dist"
            }
          ],
          "store_path": "/nix/store/y7b0dyh84xc62npbjgbkld6db37q6qsp-pandoc-imagine-0.1.7"
        }
      }
    },
    "pandoc@3.1.11.1": {
      "last_modified": "2025-04-17T05:47:26Z",
      "resolved": "github:NixOS/nixpkgs/ebe4301cbd8f81c4f8d3244b3632338bbeb6d49c#pandoc",
      "source": "devbox-search",
      "version": "3.1.11.1",
      "systems": {
        "aarch64-darwin": {
          "outputs": [
            {
              "name": "out",
              "path": "/nix/store/w3v3nh5mvzgj21fi67xn8j6kspc1sq25-pandoc-cli-3.1.11.1",
              "default": true
            }
          ],
          "store_path": "/nix/store/w3v3nh5mvzgj21fi67xn8j6kspc1sq25-pandoc-cli-3.1.11.1"
        },
        "aarch64-linux": {
          "outputs": [
            {
              "name": "out",
              "path": "/nix/store/fw4dg1vn8l4fz6245rvrnmp4lhnbd3qs-pandoc-cli-3.1.11.1",
              "default": true
            }
          ],
          "store_path": "/nix/store/fw4dg1vn8l4fz6245rvrnmp4lhnbd3qs-pandoc-cli-3.1.11.1"
        },
        "x86_64-darwin": {
          "outputs": [
            {
              "name": "out",
              "path": "/nix/store/8sqh4zvm830i2w56xmy4bpqcnqh5v358-pandoc-cli-3.1.11.1",
              "default": true
            }
          ],
          "store_path": "/nix/store/8sqh4zvm830i2w56xmy4bpqcnqh5v358-pandoc-cli-3.1.11.1"
        },
        "x86_64-linux": {
          "outputs": [
            {
              "name": "out",
              "path": "/nix/store/by7bm3gs25vvx6ps5w5gx5bk8pr8xpjr-pandoc-cli-3.1.11.1",
              "default": true
            }
          ],
          "store_path": "/nix/store/by7bm3gs25vvx6ps5w5gx5bk8pr8xpjr-pandoc-cli-3.1.11.1"
        }
      }
    }
  }
}
